// !$*UTF8*$!
{
	archiveVersion = 1;
	classes = {
	};
	objectVersion = 55;
	objects = {

/* Begin PBXBuildFile section */
		581B604D287B74E600433DCB /* CustomLaunchApp.swift in Sources */ = {isa = PBXBuildFile; fileRef = 581B604C287B74E600433DCB /* CustomLaunchApp.swift */; };
		581B604F287B74E600433DCB /* ContentView.swift in Sources */ = {isa = PBXBuildFile; fileRef = 581B604E287B74E600433DCB /* ContentView.swift */; };
		581B6051287B74E700433DCB /* Assets.xcassets in Resources */ = {isa = PBXBuildFile; fileRef = 581B6050287B74E700433DCB /* Assets.xcassets */; };
		581B6054287B74E700433DCB /* Preview Assets.xcassets in Resources */ = {isa = PBXBuildFile; fileRef = 581B6053287B74E700433DCB /* Preview Assets.xcassets */; };
		581B605E287B74E700433DCB /* CustomLaunchTests.swift in Sources */ = {isa = PBXBuildFile; fileRef = 581B605D287B74E700433DCB /* CustomLaunchTests.swift */; };
		581B6068287B74E700433DCB /* CustomLaunchUITests.swift in Sources */ = {isa = PBXBuildFile; fileRef = 581B6067287B74E700433DCB /* CustomLaunchUITests.swift */; };
		581B606A287B74E700433DCB /* CustomLaunchUITestsLaunchTests.swift in Sources */ = {isa = PBXBuildFile; fileRef = 581B6069287B74E700433DCB /* CustomLaunchUITestsLaunchTests.swift */; };
		581B6077287B753C00433DCB /* LaunchScreenView.swift in Sources */ = {isa = PBXBuildFile; fileRef = 581B6076287B753C00433DCB /* LaunchScreenView.swift */; };
/* End PBXBuildFile section */

/* Begin PBXContainerItemProxy section */
		581B605A287B74E700433DCB /* PBXContainerItemProxy */ = {
			isa = PBXContainerItemProxy;
			containerPortal = 581B6041287B74E600433DCB /* Project object */;
			proxyType = 1;
			remoteGlobalIDString = 581B6048287B74E600433DCB;
			remoteInfo = CustomLaunch;
		};
		581B6064287B74E700433DCB /* PBXContainerItemProxy */ = {
			isa = PBXContainerItemProxy;
			containerPortal = 581B6041287B74E600433DCB /* Project object */;
			proxyType = 1;
			remoteGlobalIDString = 581B6048287B74E600433DCB;
			remoteInfo = CustomLaunch;
		};
/* End PBXContainerItemProxy section */

/* Begin PBXFileReference section */
		581B6049287B74E600433DCB /* CustomLaunch.app */ = {isa = PBXFileReference; explicitFileType = wrapper.application; includeInIndex = 0; path = CustomLaunch.app; sourceTree = BUILT_PRODUCTS_DIR; };
		581B604C287B74E600433DCB /* CustomLaunchApp.swift */ = {isa = PBXFileReference; lastKnownFileType = sourcecode.swift; path = CustomLaunchApp.swift; sourceTree = "<group>"; };
		581B604E287B74E600433DCB /* ContentView.swift */ = {isa = PBXFileReference; lastKnownFileType = sourcecode.swift; path = ContentView.swift; sourceTree = "<group>"; };
		581B6050287B74E700433DCB /* Assets.xcassets */ = {isa = PBXFileReference; lastKnownFileType = folder.assetcatalog; path = Assets.xcassets; sourceTree = "<group>"; };
		581B6053287B74E700433DCB /* Preview Assets.xcassets */ = {isa = PBXFileReference; lastKnownFileType = folder.assetcatalog; path = "Preview Assets.xcassets"; sourceTree = "<group>"; };
		581B6059287B74E700433DCB /* CustomLaunchTests.xctest */ = {isa = PBXFileReference; explicitFileType = wrapper.cfbundle; includeInIndex = 0; path = CustomLaunchTests.xctest; sourceTree = BUILT_PRODUCTS_DIR; };
		581B605D287B74E700433DCB /* CustomLaunchTests.swift */ = {isa = PBXFileReference; lastKnownFileType = sourcecode.swift; path = CustomLaunchTests.swift; sourceTree = "<group>"; };
		581B6063287B74E700433DCB /* CustomLaunchUITests.xctest */ = {isa = PBXFileReference; explicitFileType = wrapper.cfbundle; includeInIndex = 0; path = CustomLaunchUITests.xctest; sourceTree = BUILT_PRODUCTS_DIR; };
		581B6067287B74E700433DCB /* CustomLaunchUITests.swift */ = {isa = PBXFileReference; lastKnownFileType = sourcecode.swift; path = CustomLaunchUITests.swift; sourceTree = "<group>"; };
		581B6069287B74E700433DCB /* CustomLaunchUITestsLaunchTests.swift */ = {isa = PBXFileReference; lastKnownFileType = sourcecode.swift; path = CustomLaunchUITestsLaunchTests.swift; sourceTree = "<group>"; };
		581B6076287B753C00433DCB /* LaunchScreenView.swift */ = {isa = PBXFileReference; lastKnownFileType = sourcecode.swift; path = LaunchScreenView.swift; sourceTree = "<group>"; };
/* End PBXFileReference section */

/* Begin PBXFrameworksBuildPhase section */
		581B6046287B74E600433DCB /* Frameworks */ = {
			isa = PBXFrameworksBuildPhase;
			buildActionMask = 2147483647;
			files = (
			);
			runOnlyForDeploymentPostprocessing = 0;
		};
		581B6056287B74E700433DCB /* Frameworks */ = {
			isa = PBXFrameworksBuildPhase;
			buildActionMask = 2147483647;
			files = (
			);
			runOnlyForDeploymentPostprocessing = 0;
		};
		581B6060287B74E700433DCB /* Frameworks */ = {
			isa = PBXFrameworksBuildPhase;
			buildActionMask = 2147483647;
			files = (
			);
			runOnlyForDeploymentPostprocessing = 0;
		};
/* End PBXFrameworksBuildPhase section */

/* Begin PBXGroup section */
		581B6040287B74E600433DCB = {
			isa = PBXGroup;
			children = (
				581B604B287B74E600433DCB /* CustomLaunch */,
				581B605C287B74E700433DCB /* CustomLaunchTests */,
				581B6066287B74E700433DCB /* CustomLaunchUITests */,
				581B604A287B74E600433DCB /* Products */,
			);
			sourceTree = "<group>";
		};
		581B604A287B74E600433DCB /* Products */ = {
			isa = PBXGroup;
			children = (
				581B6049287B74E600433DCB /* CustomLaunch.app */,
				581B6059287B74E700433DCB /* CustomLaunchTests.xctest */,
				581B6063287B74E700433DCB /* CustomLaunchUITests.xctest */,
			);
			name = Products;
			sourceTree = "<group>";
		};
		581B604B287B74E600433DCB /* CustomLaunch */ = {
			isa = PBXGroup;
			children = (
				581B604C287B74E600433DCB /* CustomLaunchApp.swift */,
				581B604E287B74E600433DCB /* ContentView.swift */,
				581B6076287B753C00433DCB /* LaunchScreenView.swift */,
				581B6050287B74E700433DCB /* Assets.xcassets */,
				581B6052287B74E700433DCB /* Preview Content */,
			);
			path = CustomLaunch;
			sourceTree = "<group>";
		};
		581B6052287B74E700433DCB /* Preview Content */ = {
			isa = PBXGroup;
			children = (
				581B6053287B74E700433DCB /* Preview Assets.xcassets */,
			);
			path = "Preview Content";
			sourceTree = "<group>";
		};
		581B605C287B74E700433DCB /* CustomLaunchTests */ = {
			isa = PBXGroup;
			children = (
				581B605D287B74E700433DCB /* CustomLaunchTests.swift */,
			);
			path = CustomLaunchTests;
			sourceTree = "<group>";
		};
		581B6066287B74E700433DCB /* CustomLaunchUITests */ = {
			isa = PBXGroup;
			children = (
				581B6067287B74E700433DCB /* CustomLaunchUITests.swift */,
				581B6069287B74E700433DCB /* CustomLaunchUITestsLaunchTests.swift */,
			);
			path = CustomLaunchUITests;
			sourceTree = "<group>";
		};
/* End PBXGroup section */

/* Begin PBXNativeTarget section */
		581B6048287B74E600433DCB /* CustomLaunch */ = {
			isa = PBXNativeTarget;
			buildConfigurationList = 581B606D287B74E700433DCB /* Build configuration list for PBXNativeTarget "CustomLaunch" */;
			buildPhases = (
				581B6045287B74E600433DCB /* Sources */,
				581B6046287B74E600433DCB /* Frameworks */,
				581B6047287B74E600433DCB /* Resources */,
			);
			buildRules = (
			);
			dependencies = (
			);
			name = CustomLaunch;
			productName = CustomLaunch;
			productReference = 581B6049287B74E600433DCB /* CustomLaunch.app */;
			productType = "com.apple.product-type.application";
		};
		581B6058287B74E700433DCB /* CustomLaunchTests */ = {
			isa = PBXNativeTarget;
			buildConfigurationList = 581B6070287B74E700433DCB /* Build configuration list for PBXNativeTarget "CustomLaunchTests" */;
			buildPhases = (
				581B6055287B74E700433DCB /* Sources */,
				581B6056287B74E700433DCB /* Frameworks */,
				581B6057287B74E700433DCB /* Resources */,
			);
			buildRules = (
			);
			dependencies = (
				581B605B287B74E700433DCB /* PBXTargetDependency */,
			);
			name = CustomLaunchTests;
			productName = CustomLaunchTests;
			productReference = 581B6059287B74E700433DCB /* CustomLaunchTests.xctest */;
			productType = "com.apple.product-type.bundle.unit-test";
		};
		581B6062287B74E700433DCB /* CustomLaunchUITests */ = {
			isa = PBXNativeTarget;
			buildConfigurationList = 581B6073287B74E700433DCB /* Build configuration list for PBXNativeTarget "CustomLaunchUITests" */;
			buildPhases = (
				581B605F287B74E700433DCB /* Sources */,
				581B6060287B74E700433DCB /* Frameworks */,
				581B6061287B74E700433DCB /* Resources */,
			);
			buildRules = (
			);
			dependencies = (
				581B6065287B74E700433DCB /* PBXTargetDependency */,
			);
			name = CustomLaunchUITests;
			productName = CustomLaunchUITests;
			productReference = 581B6063287B74E700433DCB /* CustomLaunchUITests.xctest */;
			productType = "com.apple.product-type.bundle.ui-testing";
		};
/* End PBXNativeTarget section */

/* Begin PBXProject section */
		581B6041287B74E600433DCB /* Project object */ = {
			isa = PBXProject;
			attributes = {
				BuildIndependentTargetsInParallel = 1;
				LastSwiftUpdateCheck = 1340;
				LastUpgradeCheck = 1340;
				TargetAttributes = {
					581B6048287B74E600433DCB = {
						CreatedOnToolsVersion = 13.4.1;
					};
					581B6058287B74E700433DCB = {
						CreatedOnToolsVersion = 13.4.1;
						TestTargetID = 581B6048287B74E600433DCB;
					};
					581B6062287B74E700433DCB = {
						CreatedOnToolsVersion = 13.4.1;
						TestTargetID = 581B6048287B74E600433DCB;
					};
				};
			};
			buildConfigurationList = 581B6044287B74E600433DCB /* Build configuration list for PBXProject "CustomLaunch" */;
			compatibilityVersion = "Xcode 13.0";
			developmentRegion = en;
			hasScannedForEncodings = 0;
			knownRegions = (
				en,
				Base,
			);
			mainGroup = 581B6040287B74E600433DCB;
			productRefGroup = 581B604A287B74E600433DCB /* Products */;
			projectDirPath = "";
			projectRoot = "";
			targets = (
				581B6048287B74E600433DCB /* CustomLaunch */,
				581B6058287B74E700433DCB /* CustomLaunchTests */,
				581B6062287B74E700433DCB /* CustomLaunchUITests */,
			);
		};
/* End PBXProject section */

/* Begin PBXResourcesBuildPhase section */
		581B6047287B74E600433DCB /* Resources */ = {
			isa = PBXResourcesBuildPhase;
			buildActionMask = 2147483647;
			files = (
				581B6054287B74E700433DCB /* Preview Assets.xcassets in Resources */,
				581B6051287B74E700433DCB /* Assets.xcassets in Resources */,
			);
			runOnlyForDeploymentPostprocessing = 0;
		};
		581B6057287B74E700433DCB /* Resources */ = {
			isa = PBXResourcesBuildPhase;
			buildActionMask = 2147483647;
			files = (
			);
			runOnlyForDeploymentPostprocessing = 0;
		};
		581B6061287B74E700433DCB /* Resources */ = {
			isa = PBXResourcesBuildPhase;
			buildActionMask = 2147483647;
			files = (
			);
			runOnlyForDeploymentPostprocessing = 0;
		};
/* End PBXResourcesBuildPhase section */

/* Begin PBXSourcesBuildPhase section */
		581B6045287B74E600433DCB /* Sources */ = {
			isa = PBXSourcesBuildPhase;
			buildActionMask = 2147483647;
			files = (
				581B604F287B74E600433DCB /* ContentView.swift in Sources */,
				581B604D287B74E600433DCB /* CustomLaunchApp.swift in Sources */,
				581B6077287B753C00433DCB /* LaunchScreenView.swift in Sources */,
			);
			runOnlyForDeploymentPostprocessing = 0;
		};
		581B6055287B74E700433DCB /* Sources */ = {
			isa = PBXSourcesBuildPhase;
			buildActionMask = 2147483647;
			files = (
				581B605E287B74E700433DCB /* CustomLaunchTests.swift in Sources */,
			);
			runOnlyForDeploymentPostprocessing = 0;
		};
		581B605F287B74E700433DCB /* Sources */ = {
			isa = PBXSourcesBuildPhase;
			buildActionMask = 2147483647;
			files = (
				581B606A287B74E700433DCB /* CustomLaunchUITestsLaunchTests.swift in Sources */,
				581B6068287B74E700433DCB /* CustomLaunchUITests.swift in Sources */,
			);
			runOnlyForDeploymentPostprocessing = 0;
		};
/* End PBXSourcesBuildPhase section */

/* Begin PBXTargetDependency section */
		581B605B287B74E700433DCB /* PBXTargetDependency */ = {
			isa = PBXTargetDependency;
			target = 581B6048287B74E600433DCB /* CustomLaunch */;
			targetProxy = 581B605A287B74E700433DCB /* PBXContainerItemProxy */;
		};
		581B6065287B74E700433DCB /* PBXTargetDependency */ = {
			isa = PBXTargetDependency;
			target = 581B6048287B74E600433DCB /* CustomLaunch */;
			targetProxy = 581B6064287B74E700433DCB /* PBXContainerItemProxy */;
		};
/* End PBXTargetDependency section */

/* Begin XCBuildConfiguration section */
		581B606B287B74E700433DCB /* Debug */ = {
			isa = XCBuildConfiguration;
			buildSettings = {
				ALWAYS_SEARCH_USER_PATHS = NO;
				CLANG_ANALYZER_NONNULL = YES;
				CLANG_ANALYZER_NUMBER_OBJECT_CONVERSION = YES_AGGRESSIVE;
				CLANG_CXX_LANGUAGE_STANDARD = "gnu++17";
				CLANG_ENABLE_MODULES = YES;
				CLANG_ENABLE_OBJC_ARC = YES;
				CLANG_ENABLE_OBJC_WEAK = YES;
				CLANG_WARN_BLOCK_CAPTURE_AUTORELEASING = YES;
				CLANG_WARN_BOOL_CONVERSION = YES;
				CLANG_WARN_COMMA = YES;
				CLANG_WARN_CONSTANT_CONVERSION = YES;
				CLANG_WARN_DEPRECATED_OBJC_IMPLEMENTATIONS = YES;
				CLANG_WARN_DIRECT_OBJC_ISA_USAGE = YES_ERROR;
				CLANG_WARN_DOCUMENTATION_COMMENTS = YES;
				CLANG_WARN_EMPTY_BODY = YES;
				CLANG_WARN_ENUM_CONVERSION = YES;
				CLANG_WARN_INFINITE_RECURSION = YES;
				CLANG_WARN_INT_CONVERSION = YES;
				CLANG_WARN_NON_LITERAL_NULL_CONVERSION = YES;
				CLANG_WARN_OBJC_IMPLICIT_RETAIN_SELF = YES;
				CLANG_WARN_OBJC_LITERAL_CONVERSION = YES;
				CLANG_WARN_OBJC_ROOT_CLASS = YES_ERROR;
				CLANG_WARN_QUOTED_INCLUDE_IN_FRAMEWORK_HEADER = YES;
				CLANG_WARN_RANGE_LOOP_ANALYSIS = YES;
				CLANG_WARN_STRICT_PROTOTYPES = YES;
				CLANG_WARN_SUSPICIOUS_MOVE = YES;
				CLANG_WARN_UNGUARDED_AVAILABILITY = YES_AGGRESSIVE;
				CLANG_WARN_UNREACHABLE_CODE = YES;
				CLANG_WARN__DUPLICATE_METHOD_MATCH = YES;
				COPY_PHASE_STRIP = NO;
				DEBUG_INFORMATION_FORMAT = dwarf;
				ENABLE_STRICT_OBJC_MSGSEND = YES;
				ENABLE_TESTABILITY = YES;
				GCC_C_LANGUAGE_STANDARD = gnu11;
				GCC_DYNAMIC_NO_PIC = NO;
				GCC_NO_COMMON_BLOCKS = YES;
				GCC_OPTIMIZATION_LEVEL = 0;
				GCC_PREPROCESSOR_DEFINITIONS = (
					"DEBUG=1",
					"$(inherited)",
				);
				GCC_WARN_64_TO_32_BIT_CONVERSION = YES;
				GCC_WARN_ABOUT_RETURN_TYPE = YES_ERROR;
				GCC_WARN_UNDECLARED_SELECTOR = YES;
				GCC_WARN_UNINITIALIZED_AUTOS = YES_AGGRESSIVE;
				GCC_WARN_UNUSED_FUNCTION = YES;
				GCC_WARN_UNUSED_VARIABLE = YES;
				IPHONEOS_DEPLOYMENT_TARGET = 15.5;
				MTL_ENABLE_DEBUG_INFO = INCLUDE_SOURCE;
				MTL_FAST_MATH = YES;
				ONLY_ACTIVE_ARCH = YES;
				SDKROOT = iphoneos;
				SWIFT_ACTIVE_COMPILATION_CONDITIONS = DEBUG;
				SWIFT_OPTIMIZATION_LEVEL = "-Onone";
			};
			name = Debug;
		};
		581B606C287B74E700433DCB /* Release */ = {
			isa = XCBuildConfiguration;
			buildSettings = {
				ALWAYS_SEARCH_USER_PATHS = NO;
				CLANG_ANALYZER_NONNULL = YES;
				CLANG_ANALYZER_NUMBER_OBJECT_CONVERSION = YES_AGGRESSIVE;
				CLANG_CXX_LANGUAGE_STANDARD = "gnu++17";
				CLANG_ENABLE_MODULES = YES;
				CLANG_ENABLE_OBJC_ARC = YES;
				CLANG_ENABLE_OBJC_WEAK = YES;
				CLANG_WARN_BLOCK_CAPTURE_AUTORELEASING = YES;
				CLANG_WARN_BOOL_CONVERSION = YES;
				CLANG_WARN_COMMA = YES;
				CLANG_WARN_CONSTANT_CONVERSION = YES;
				CLANG_WARN_DEPRECATED_OBJC_IMPLEMENTATIONS = YES;
				CLANG_WARN_DIRECT_OBJC_ISA_USAGE = YES_ERROR;
				CLANG_WARN_DOCUMENTATION_COMMENTS = YES;
				CLANG_WARN_EMPTY_BODY = YES;
				CLANG_WARN_ENUM_CONVERSION = YES;
				CLANG_WARN_INFINITE_RECURSION = YES;
				CLANG_WARN_INT_CONVERSION = YES;
				CLANG_WARN_NON_LITERAL_NULL_CONVERSION = YES;
				CLANG_WARN_OBJC_IMPLICIT_RETAIN_SELF = YES;
				CLANG_WARN_OBJC_LITERAL_CONVERSION = YES;
				CLANG_WARN_OBJC_ROOT_CLASS = YES_ERROR;
				CLANG_WARN_QUOTED_INCLUDE_IN_FRAMEWORK_HEADER = YES;
				CLANG_WARN_RANGE_LOOP_ANALYSIS = YES;
				CLANG_WARN_STRICT_PROTOTYPES = YES;
				CLANG_WARN_SUSPICIOUS_MOVE = YES;
				CLANG_WARN_UNGUARDED_AVAILABILITY = YES_AGGRESSIVE;
				CLANG_WARN_UNREACHABLE_CODE = YES;
				CLANG_WARN__DUPLICATE_METHOD_MATCH = YES;
				COPY_PHASE_STRIP = NO;
				DEBUG_INFORMATION_FORMAT = "dwarf-with-dsym";
				ENABLE_NS_ASSERTIONS = NO;
				ENABLE_STRICT_OBJC_MSGSEND = YES;
				GCC_C_LANGUAGE_STANDARD = gnu11;
				GCC_NO_COMMON_BLOCKS = YES;
				GCC_WARN_64_TO_32_BIT_CONVERSION = YES;
				GCC_WARN_ABOUT_RETURN_TYPE = YES_ERROR;
				GCC_WARN_UNDECLARED_SELECTOR = YES;
				GCC_WARN_UNINITIALIZED_AUTOS = YES_AGGRESSIVE;
				GCC_WARN_UNUSED_FUNCTION = YES;
				GCC_WARN_UNUSED_VARIABLE = YES;
				IPHONEOS_DEPLOYMENT_TARGET = 15.5;
				MTL_ENABLE_DEBUG_INFO = NO;
				MTL_FAST_MATH = YES;
				SDKROOT = iphoneos;
				SWIFT_COMPILATION_MODE = wholemodule;
				SWIFT_OPTIMIZATION_LEVEL = "-O";
				VALIDATE_PRODUCT = YES;
			};
			name = Release;
		};
		581B606E287B74E700433DCB /* Debug */ = {
			isa = XCBuildConfiguration;
			buildSettings = {
				ASSETCATALOG_COMPILER_APPICON_NAME = AppIcon;
				ASSETCATALOG_COMPILER_GLOBAL_ACCENT_COLOR_NAME = AccentColor;
				CODE_SIGN_STYLE = Automatic;
				CURRENT_PROJECT_VERSION = 1;
				DEVELOPMENT_ASSET_PATHS = "\"CustomLaunch/Preview Content\"";
				DEVELOPMENT_TEAM = 75RG233849;
				ENABLE_PREVIEWS = YES;
				GENERATE_INFOPLIST_FILE = YES;
				INFOPLIST_KEY_UIApplicationSceneManifest_Generation = YES;
				INFOPLIST_KEY_UIApplicationSupportsIndirectInputEvents = YES;
				INFOPLIST_KEY_UILaunchScreen_Generation = YES;
				INFOPLIST_KEY_UISupportedInterfaceOrientations_iPad = "UIInterfaceOrientationPortrait UIInterfaceOrientationPortraitUpsideDown UIInterfaceOrientationLandscapeLeft UIInterfaceOrientationLandscapeRight";
				INFOPLIST_KEY_UISupportedInterfaceOrientations_iPhone = "UIInterfaceOrientationPortrait UIInterfaceOrientationLandscapeLeft UIInterfaceOrientationLandscapeRight";
				LD_RUNPATH_SEARCH_PATHS = (
					"$(inherited)",
					"@executable_path/Frameworks",
				);
				MARKETING_VERSION = 1.0;
				PRODUCT_BUNDLE_IDENTIFIER = sinoLab.CustomLaunch;
				PRODUCT_NAME = "$(TARGET_NAME)";
				SWIFT_EMIT_LOC_STRINGS = YES;
				SWIFT_VERSION = 5.0;
				TARGETED_DEVICE_FAMILY = "1,2";
			};
			name = Debug;
		};
		581B606F287B74E700433DCB /* Release */ = {
			isa = XCBuildConfiguration;
			buildSettings = {
				ASSETCATALOG_COMPILER_APPICON_NAME = AppIcon;
				ASSETCATALOG_COMPILER_GLOBAL_ACCENT_COLOR_NAME = AccentColor;
				CODE_SIGN_STYLE = Automatic;
				CURRENT_PROJECT_VERSION = 1;
				DEVELOPMENT_ASSET_PATHS = "\"CustomLaunch/Preview Content\"";
				DEVELOPMENT_TEAM = 75RG233849;
				ENABLE_PREVIEWS = YES;
				GENERATE_INFOPLIST_FILE = YES;
				INFOPLIST_KEY_UIApplicationSceneManifest_Generation = YES;
				INFOPLIST_KEY_UIApplicationSupportsIndirectInputEvents = YES;
				INFOPLIST_KEY_UILaunchScreen_Generation = YES;
				INFOPLIST_KEY_UISupportedInterfaceOrientations_iPad = "UIInterfaceOrientationPortrait UIInterfaceOrientationPortraitUpsideDown UIInterfaceOrientationLandscapeLeft UIInterfaceOrientationLandscapeRight";
				INFOPLIST_KEY_UISupportedInterfaceOrientations_iPhone = "UIInterfaceOrientationPortrait UIInterfaceOrientationLandscapeLeft UIInterfaceOrientationLandscapeRight";
				LD_RUNPATH_SEARCH_PATHS = (
					"$(inherited)",
					"@executable_path/Frameworks",
				);
				MARKETING_VERSION = 1.0;
				PRODUCT_BUNDLE_IDENTIFIER = sinoLab.CustomLaunch;
				PRODUCT_NAME = "$(TARGET_NAME)";
				SWIFT_EMIT_LOC_STRINGS = YES;
				SWIFT_VERSION = 5.0;
				TARGETED_DEVICE_FAMILY = "1,2";
			};
			name = Release;
		};
		581B6071287B74E700433DCB /* Debug */ = {
			isa = XCBuildConfiguration;
			buildSettings = {
				ALWAYS_EMBED_SWIFT_STANDARD_LIBRARIES = YES;
				BUNDLE_LOADER = "$(TEST_HOST)";
				CODE_SIGN_STYLE = Automatic;
				CURRENT_PROJECT_VERSION = 1;
				DEVELOPMENT_TEAM = 75RG233849;
				GENERATE_INFOPLIST_FILE = YES;
				IPHONEOS_DEPLOYMENT_TARGET = 15.5;
				MARKETING_VERSION = 1.0;
				PRODUCT_BUNDLE_IDENTIFIER = sinoLab.CustomLaunchTests;
				PRODUCT_NAME = "$(TARGET_NAME)";
				SWIFT_EMIT_LOC_STRINGS = NO;
				SWIFT_VERSION = 5.0;
				TARGETED_DEVICE_FAMILY = "1,2";
				TEST_HOST = "$(BUILT_PRODUCTS_DIR)/CustomLaunch.app/CustomLaunch";
			};
			name = Debug;
		};
		581B6072287B74E700433DCB /* Release */ = {
			isa = XCBuildConfiguration;
			buildSettings = {
				ALWAYS_EMBED_SWIFT_STANDARD_LIBRARIES = YES;
				BUNDLE_LOADER = "$(TEST_HOST)";
				CODE_SIGN_STYLE = Automatic;
				CURRENT_PROJECT_VERSION = 1;
				DEVELOPMENT_TEAM = 75RG233849;
				GENERATE_INFOPLIST_FILE = YES;
				IPHONEOS_DEPLOYMENT_TARGET = 15.5;
				MARKETING_VERSION = 1.0;
				PRODUCT_BUNDLE_IDENTIFIER = sinoLab.CustomLaunchTests;
				PRODUCT_NAME = "$(TARGET_NAME)";
				SWIFT_EMIT_LOC_STRINGS = NO;
				SWIFT_VERSION = 5.0;
				TARGETED_DEVICE_FAMILY = "1,2";
				TEST_HOST = "$(BUILT_PRODUCTS_DIR)/CustomLaunch.app/CustomLaunch";
			};
			name = Release;
		};
		581B6074287B74E700433DCB /* Debug */ = {
			isa = XCBuildConfiguration;
			buildSettings = {
				ALWAYS_EMBED_SWIFT_STANDARD_LIBRARIES = YES;
				CODE_SIGN_STYLE = Automatic;
				CURRENT_PROJECT_VERSION = 1;
				DEVELOPMENT_TEAM = 75RG233849;
				GENERATE_INFOPLIST_FILE = YES;
				MARKETING_VERSION = 1.0;
				PRODUCT_BUNDLE_IDENTIFIER = sinoLab.CustomLaunchUITests;
				PRODUCT_NAME = "$(TARGET_NAME)";
				SWIFT_EMIT_LOC_STRINGS = NO;
				SWIFT_VERSION = 5.0;
				TARGETED_DEVICE_FAMILY = "1,2";
				TEST_TARGET_NAME = CustomLaunch;
			};
			name = Debug;
		};
		581B6075287B74E700433DCB /* Release */ = {
			isa = XCBuildConfiguration;
			buildSettings = {
				ALWAYS_EMBED_SWIFT_STANDARD_LIBRARIES = YES;
				CODE_SIGN_STYLE = Automatic;
				CURRENT_PROJECT_VERSION = 1;
				DEVELOPMENT_TEAM = 75RG233849;
				GENERATE_INFOPLIST_FILE = YES;
				MARKETING_VERSION = 1.0;
				PRODUCT_BUNDLE_IDENTIFIER = sinoLab.CustomLaunchUITests;
				PRODUCT_NAME = "$(TARGET_NAME)";
				SWIFT_EMIT_LOC_STRINGS = NO;
				SWIFT_VERSION = 5.0;
				TARGETED_DEVICE_FAMILY = "1,2";
				TEST_TARGET_NAME = CustomLaunch;
			};
			name = Release;
		};
/* End XCBuildConfiguration section */

/* Begin XCConfigurationList section */
		581B6044287B74E600433DCB /* Build configuration list for PBXProject "CustomLaunch" */ = {
			isa = XCConfigurationList;
			buildConfigurations = (
				581B606B287B74E700433DCB /* Debug */,
				581B606C287B74E700433DCB /* Release */,
			);
			defaultConfigurationIsVisible = 0;
			defaultConfigurationName = Release;
		};
		581B606D287B74E700433DCB /* Build configuration list for PBXNativeTarget "CustomLaunch" */ = {
			isa = XCConfigurationList;
			buildConfigurations = (
				581B606E287B74E700433DCB /* Debug */,
				581B606F287B74E700433DCB /* Release */,
			);
			defaultConfigurationIsVisible = 0;
			defaultConfigurationName = Release;
		};
		581B6070287B74E700433DCB /* Build configuration list for PBXNativeTarget "CustomLaunchTests" */ = {
			isa = XCConfigurationList;
			buildConfigurations = (
				581B6071287B74E700433DCB /* Debug */,
				581B6072287B74E700433DCB /* Release */,
			);
			defaultConfigurationIsVisible = 0;
			defaultConfigurationName = Release;
		};
		581B6073287B74E700433DCB /* Build configuration list for PBXNativeTarget "CustomLaunchUITests" */ = {
			isa = XCConfigurationList;
			buildConfigurations = (
				581B6074287B74E700433DCB /* Debug */,
				581B6075287B74E700433DCB /* Release */,
			);
			defaultConfigurationIsVisible = 0;
			defaultConfigurationName = Release;
		};
/* End XCConfigurationList section */
	};
	rootObject = 581B6041287B74E600433DCB /* Project object */;
}
