// !$*UTF8*$!
{
	archiveVersion = 1;
	classes = {
	};
	objectVersion = 56;
	objects = {

/* Begin PBXBuildFile section */
		585DA8DA2900945B0061BAF3 /* WorkSans-Regular.otf in Resources */ = {isa = PBXBuildFile; fileRef = 585DA8D62900945B0061BAF3 /* WorkSans-Regular.otf */; };
		585DA8DB2900945B0061BAF3 /* WorkSans-Bold.otf in Resources */ = {isa = PBXBuildFile; fileRef = 585DA8D72900945B0061BAF3 /* WorkSans-Bold.otf */; };
		585DA8DC2900945B0061BAF3 /* WorkSans-SemiBold.otf in Resources */ = {isa = PBXBuildFile; fileRef = 585DA8D82900945B0061BAF3 /* WorkSans-SemiBold.otf */; };
		585DA8DD2900945B0061BAF3 /* WorkSans-Medium.otf in Resources */ = {isa = PBXBuildFile; fileRef = 585DA8D92900945B0061BAF3 /* WorkSans-Medium.otf */; };
		586476ED28FF4A700079A72B /* Intro.swift in Sources */ = {isa = PBXBuildFile; fileRef = 586476EC28FF4A700079A72B /* Intro.swift */; };
		586476EF28FF4A7A0079A72B /* IntroView.swift in Sources */ = {isa = PBXBuildFile; fileRef = 586476EE28FF4A7A0079A72B /* IntroView.swift */; };
		58663AC029038FDE00544E38 /* HomeView.swift in Sources */ = {isa = PBXBuildFile; fileRef = 58663ABF29038FDE00544E38 /* HomeView.swift */; };
		58BFFB7528FB7327005AE227 /* IntroApp.swift in Sources */ = {isa = PBXBuildFile; fileRef = 58BFFB7428FB7327005AE227 /* IntroApp.swift */; };
		58BFFB7728FB7327005AE227 /* ContentView.swift in Sources */ = {isa = PBXBuildFile; fileRef = 58BFFB7628FB7327005AE227 /* ContentView.swift */; };
		58BFFB7928FB7328005AE227 /* Assets.xcassets in Resources */ = {isa = PBXBuildFile; fileRef = 58BFFB7828FB7328005AE227 /* Assets.xcassets */; };
		58BFFB7C28FB7328005AE227 /* Preview Assets.xcassets in Resources */ = {isa = PBXBuildFile; fileRef = 58BFFB7B28FB7328005AE227 /* Preview Assets.xcassets */; };
		58BFFB8628FB7328005AE227 /* IntroTests.swift in Sources */ = {isa = PBXBuildFile; fileRef = 58BFFB8528FB7328005AE227 /* IntroTests.swift */; };
		58BFFB9028FB7328005AE227 /* IntroUITests.swift in Sources */ = {isa = PBXBuildFile; fileRef = 58BFFB8F28FB7328005AE227 /* IntroUITests.swift */; };
		58BFFB9228FB7328005AE227 /* IntroUITestsLaunchTests.swift in Sources */ = {isa = PBXBuildFile; fileRef = 58BFFB9128FB7328005AE227 /* IntroUITestsLaunchTests.swift */; };
/* End PBXBuildFile section */

/* Begin PBXContainerItemProxy section */
		58BFFB8228FB7328005AE227 /* PBXContainerItemProxy */ = {
			isa = PBXContainerItemProxy;
			containerPortal = 58BFFB6928FB7327005AE227 /* Project object */;
			proxyType = 1;
			remoteGlobalIDString = 58BFFB7028FB7327005AE227;
			remoteInfo = Intro;
		};
		58BFFB8C28FB7328005AE227 /* PBXContainerItemProxy */ = {
			isa = PBXContainerItemProxy;
			containerPortal = 58BFFB6928FB7327005AE227 /* Project object */;
			proxyType = 1;
			remoteGlobalIDString = 58BFFB7028FB7327005AE227;
			remoteInfo = Intro;
		};
/* End PBXContainerItemProxy section */

/* Begin PBXFileReference section */
		585DA8D62900945B0061BAF3 /* WorkSans-Regular.otf */ = {isa = PBXFileReference; lastKnownFileType = file; path = "WorkSans-Regular.otf"; sourceTree = "<group>"; };
		585DA8D72900945B0061BAF3 /* WorkSans-Bold.otf */ = {isa = PBXFileReference; lastKnownFileType = file; path = "WorkSans-Bold.otf"; sourceTree = "<group>"; };
		585DA8D82900945B0061BAF3 /* WorkSans-SemiBold.otf */ = {isa = PBXFileReference; lastKnownFileType = file; path = "WorkSans-SemiBold.otf"; sourceTree = "<group>"; };
		585DA8D92900945B0061BAF3 /* WorkSans-Medium.otf */ = {isa = PBXFileReference; lastKnownFileType = file; path = "WorkSans-Medium.otf"; sourceTree = "<group>"; };
		585DA8DE290094AC0061BAF3 /* Info.plist */ = {isa = PBXFileReference; lastKnownFileType = text.plist; path = Info.plist; sourceTree = "<group>"; };
		586476EC28FF4A700079A72B /* Intro.swift */ = {isa = PBXFileReference; lastKnownFileType = sourcecode.swift; path = Intro.swift; sourceTree = "<group>"; };
		586476EE28FF4A7A0079A72B /* IntroView.swift */ = {isa = PBXFileReference; lastKnownFileType = sourcecode.swift; path = IntroView.swift; sourceTree = "<group>"; };
		58663ABF29038FDE00544E38 /* HomeView.swift */ = {isa = PBXFileReference; lastKnownFileType = sourcecode.swift; path = HomeView.swift; sourceTree = "<group>"; };
		58BFFB7128FB7327005AE227 /* Intro.app */ = {isa = PBXFileReference; explicitFileType = wrapper.application; includeInIndex = 0; path = Intro.app; sourceTree = BUILT_PRODUCTS_DIR; };
		58BFFB7428FB7327005AE227 /* IntroApp.swift */ = {isa = PBXFileReference; lastKnownFileType = sourcecode.swift; path = IntroApp.swift; sourceTree = "<group>"; };
		58BFFB7628FB7327005AE227 /* ContentView.swift */ = {isa = PBXFileReference; lastKnownFileType = sourcecode.swift; path = ContentView.swift; sourceTree = "<group>"; };
		58BFFB7828FB7328005AE227 /* Assets.xcassets */ = {isa = PBXFileReference; lastKnownFileType = folder.assetcatalog; path = Assets.xcassets; sourceTree = "<group>"; };
		58BFFB7B28FB7328005AE227 /* Preview Assets.xcassets */ = {isa = PBXFileReference; lastKnownFileType = folder.assetcatalog; path = "Preview Assets.xcassets"; sourceTree = "<group>"; };
		58BFFB8128FB7328005AE227 /* IntroTests.xctest */ = {isa = PBXFileReference; explicitFileType = wrapper.cfbundle; includeInIndex = 0; path = IntroTests.xctest; sourceTree = BUILT_PRODUCTS_DIR; };
		58BFFB8528FB7328005AE227 /* IntroTests.swift */ = {isa = PBXFileReference; lastKnownFileType = sourcecode.swift; path = IntroTests.swift; sourceTree = "<group>"; };
		58BFFB8B28FB7328005AE227 /* IntroUITests.xctest */ = {isa = PBXFileReference; explicitFileType = wrapper.cfbundle; includeInIndex = 0; path = IntroUITests.xctest; sourceTree = BUILT_PRODUCTS_DIR; };
		58BFFB8F28FB7328005AE227 /* IntroUITests.swift */ = {isa = PBXFileReference; lastKnownFileType = sourcecode.swift; path = IntroUITests.swift; sourceTree = "<group>"; };
		58BFFB9128FB7328005AE227 /* IntroUITestsLaunchTests.swift */ = {isa = PBXFileReference; lastKnownFileType = sourcecode.swift; path = IntroUITestsLaunchTests.swift; sourceTree = "<group>"; };
/* End PBXFileReference section */

/* Begin PBXFrameworksBuildPhase section */
		58BFFB6E28FB7327005AE227 /* Frameworks */ = {
			isa = PBXFrameworksBuildPhase;
			buildActionMask = 2147483647;
			files = (
			);
			runOnlyForDeploymentPostprocessing = 0;
		};
		58BFFB7E28FB7328005AE227 /* Frameworks */ = {
			isa = PBXFrameworksBuildPhase;
			buildActionMask = 2147483647;
			files = (
			);
			runOnlyForDeploymentPostprocessing = 0;
		};
		58BFFB8828FB7328005AE227 /* Frameworks */ = {
			isa = PBXFrameworksBuildPhase;
			buildActionMask = 2147483647;
			files = (
			);
			runOnlyForDeploymentPostprocessing = 0;
		};
/* End PBXFrameworksBuildPhase section */

/* Begin PBXGroup section */
		585DA8D52900934F0061BAF3 /* Fonts */ = {
			isa = PBXGroup;
			children = (
				585DA8D72900945B0061BAF3 /* WorkSans-Bold.otf */,
				585DA8D92900945B0061BAF3 /* WorkSans-Medium.otf */,
				585DA8D62900945B0061BAF3 /* WorkSans-Regular.otf */,
				585DA8D82900945B0061BAF3 /* WorkSans-SemiBold.otf */,
			);
			path = Fonts;
			sourceTree = "<group>";
		};
		586476EA28FF4A430079A72B /* Model */ = {
			isa = PBXGroup;
			children = (
				586476EC28FF4A700079A72B /* Intro.swift */,
			);
			path = Model;
			sourceTree = "<group>";
		};
		586476EB28FF4A4B0079A72B /* View */ = {
			isa = PBXGroup;
			children = (
				586476EE28FF4A7A0079A72B /* IntroView.swift */,
				58663ABF29038FDE00544E38 /* HomeView.swift */,
			);
			path = View;
			sourceTree = "<group>";
		};
		58BFFB6828FB7327005AE227 = {
			isa = PBXGroup;
			children = (
				58BFFB7328FB7327005AE227 /* Intro */,
				58BFFB8428FB7328005AE227 /* IntroTests */,
				58BFFB8E28FB7328005AE227 /* IntroUITests */,
				58BFFB7228FB7327005AE227 /* Products */,
			);
			sourceTree = "<group>";
		};
		58BFFB7228FB7327005AE227 /* Products */ = {
			isa = PBXGroup;
			children = (
				58BFFB7128FB7327005AE227 /* Intro.app */,
				58BFFB8128FB7328005AE227 /* IntroTests.xctest */,
				58BFFB8B28FB7328005AE227 /* IntroUITests.xctest */,
			);
			name = Products;
			sourceTree = "<group>";
		};
		58BFFB7328FB7327005AE227 /* Intro */ = {
			isa = PBXGroup;
			children = (
				585DA8DE290094AC0061BAF3 /* Info.plist */,
				585DA8D52900934F0061BAF3 /* Fonts */,
				586476EB28FF4A4B0079A72B /* View */,
				586476EA28FF4A430079A72B /* Model */,
				58BFFB7428FB7327005AE227 /* IntroApp.swift */,
				58BFFB7628FB7327005AE227 /* ContentView.swift */,
				58BFFB7828FB7328005AE227 /* Assets.xcassets */,
				58BFFB7A28FB7328005AE227 /* Preview Content */,
			);
			path = Intro;
			sourceTree = "<group>";
		};
		58BFFB7A28FB7328005AE227 /* Preview Content */ = {
			isa = PBXGroup;
			children = (
				58BFFB7B28FB7328005AE227 /* Preview Assets.xcassets */,
			);
			path = "Preview Content";
			sourceTree = "<group>";
		};
		58BFFB8428FB7328005AE227 /* IntroTests */ = {
			isa = PBXGroup;
			children = (
				58BFFB8528FB7328005AE227 /* IntroTests.swift */,
			);
			path = IntroTests;
			sourceTree = "<group>";
		};
		58BFFB8E28FB7328005AE227 /* IntroUITests */ = {
			isa = PBXGroup;
			children = (
				58BFFB8F28FB7328005AE227 /* IntroUITests.swift */,
				58BFFB9128FB7328005AE227 /* IntroUITestsLaunchTests.swift */,
			);
			path = IntroUITests;
			sourceTree = "<group>";
		};
/* End PBXGroup section */

/* Begin PBXNativeTarget section */
		58BFFB7028FB7327005AE227 /* Intro */ = {
			isa = PBXNativeTarget;
			buildConfigurationList = 58BFFB9528FB7328005AE227 /* Build configuration list for PBXNativeTarget "Intro" */;
			buildPhases = (
				58BFFB6D28FB7327005AE227 /* Sources */,
				58BFFB6E28FB7327005AE227 /* Frameworks */,
				58BFFB6F28FB7327005AE227 /* Resources */,
			);
			buildRules = (
			);
			dependencies = (
			);
			name = Intro;
			productName = Intro;
			productReference = 58BFFB7128FB7327005AE227 /* Intro.app */;
			productType = "com.apple.product-type.application";
		};
		58BFFB8028FB7328005AE227 /* IntroTests */ = {
			isa = PBXNativeTarget;
			buildConfigurationList = 58BFFB9828FB7328005AE227 /* Build configuration list for PBXNativeTarget "IntroTests" */;
			buildPhases = (
				58BFFB7D28FB7328005AE227 /* Sources */,
				58BFFB7E28FB7328005AE227 /* Frameworks */,
				58BFFB7F28FB7328005AE227 /* Resources */,
			);
			buildRules = (
			);
			dependencies = (
				58BFFB8328FB7328005AE227 /* PBXTargetDependency */,
			);
			name = IntroTests;
			productName = IntroTests;
			productReference = 58BFFB8128FB7328005AE227 /* IntroTests.xctest */;
			productType = "com.apple.product-type.bundle.unit-test";
		};
		58BFFB8A28FB7328005AE227 /* IntroUITests */ = {
			isa = PBXNativeTarget;
			buildConfigurationList = 58BFFB9B28FB7328005AE227 /* Build configuration list for PBXNativeTarget "IntroUITests" */;
			buildPhases = (
				58BFFB8728FB7328005AE227 /* Sources */,
				58BFFB8828FB7328005AE227 /* Frameworks */,
				58BFFB8928FB7328005AE227 /* Resources */,
			);
			buildRules = (
			);
			dependencies = (
				58BFFB8D28FB7328005AE227 /* PBXTargetDependency */,
			);
			name = IntroUITests;
			productName = IntroUITests;
			productReference = 58BFFB8B28FB7328005AE227 /* IntroUITests.xctest */;
			productType = "com.apple.product-type.bundle.ui-testing";
		};
/* End PBXNativeTarget section */

/* Begin PBXProject section */
		58BFFB6928FB7327005AE227 /* Project object */ = {
			isa = PBXProject;
			attributes = {
				BuildIndependentTargetsInParallel = 1;
				LastSwiftUpdateCheck = 1400;
				LastUpgradeCheck = 1400;
				TargetAttributes = {
					58BFFB7028FB7327005AE227 = {
						CreatedOnToolsVersion = 14.0;
					};
					58BFFB8028FB7328005AE227 = {
						CreatedOnToolsVersion = 14.0;
						TestTargetID = 58BFFB7028FB7327005AE227;
					};
					58BFFB8A28FB7328005AE227 = {
						CreatedOnToolsVersion = 14.0;
						TestTargetID = 58BFFB7028FB7327005AE227;
					};
				};
			};
			buildConfigurationList = 58BFFB6C28FB7327005AE227 /* Build configuration list for PBXProject "Intro" */;
			compatibilityVersion = "Xcode 14.0";
			developmentRegion = en;
			hasScannedForEncodings = 0;
			knownRegions = (
				en,
				Base,
			);
			mainGroup = 58BFFB6828FB7327005AE227;
			productRefGroup = 58BFFB7228FB7327005AE227 /* Products */;
			projectDirPath = "";
			projectRoot = "";
			targets = (
				58BFFB7028FB7327005AE227 /* Intro */,
				58BFFB8028FB7328005AE227 /* IntroTests */,
				58BFFB8A28FB7328005AE227 /* IntroUITests */,
			);
		};
/* End PBXProject section */

/* Begin PBXResourcesBuildPhase section */
		58BFFB6F28FB7327005AE227 /* Resources */ = {
			isa = PBXResourcesBuildPhase;
			buildActionMask = 2147483647;
			files = (
				585DA8DA2900945B0061BAF3 /* WorkSans-Regular.otf in Resources */,
				585DA8DB2900945B0061BAF3 /* WorkSans-Bold.otf in Resources */,
				585DA8DC2900945B0061BAF3 /* WorkSans-SemiBold.otf in Resources */,
				585DA8DD2900945B0061BAF3 /* WorkSans-Medium.otf in Resources */,
				58BFFB7C28FB7328005AE227 /* Preview Assets.xcassets in Resources */,
				58BFFB7928FB7328005AE227 /* Assets.xcassets in Resources */,
			);
			runOnlyForDeploymentPostprocessing = 0;
		};
		58BFFB7F28FB7328005AE227 /* Resources */ = {
			isa = PBXResourcesBuildPhase;
			buildActionMask = 2147483647;
			files = (
			);
			runOnlyForDeploymentPostprocessing = 0;
		};
		58BFFB8928FB7328005AE227 /* Resources */ = {
			isa = PBXResourcesBuildPhase;
			buildActionMask = 2147483647;
			files = (
			);
			runOnlyForDeploymentPostprocessing = 0;
		};
/* End PBXResourcesBuildPhase section */

/* Begin PBXSourcesBuildPhase section */
		58BFFB6D28FB7327005AE227 /* Sources */ = {
			isa = PBXSourcesBuildPhase;
			buildActionMask = 2147483647;
			files = (
				58BFFB7728FB7327005AE227 /* ContentView.swift in Sources */,
				586476EF28FF4A7A0079A72B /* IntroView.swift in Sources */,
				58BFFB7528FB7327005AE227 /* IntroApp.swift in Sources */,
				58663AC029038FDE00544E38 /* HomeView.swift in Sources */,
				586476ED28FF4A700079A72B /* Intro.swift in Sources */,
			);
			runOnlyForDeploymentPostprocessing = 0;
		};
		58BFFB7D28FB7328005AE227 /* Sources */ = {
			isa = PBXSourcesBuildPhase;
			buildActionMask = 2147483647;
			files = (
				58BFFB8628FB7328005AE227 /* IntroTests.swift in Sources */,
			);
			runOnlyForDeploymentPostprocessing = 0;
		};
		58BFFB8728FB7328005AE227 /* Sources */ = {
			isa = PBXSourcesBuildPhase;
			buildActionMask = 2147483647;
			files = (
				58BFFB9028FB7328005AE227 /* IntroUITests.swift in Sources */,
				58BFFB9228FB7328005AE227 /* IntroUITestsLaunchTests.swift in Sources */,
			);
			runOnlyForDeploymentPostprocessing = 0;
		};
/* End PBXSourcesBuildPhase section */

/* Begin PBXTargetDependency section */
		58BFFB8328FB7328005AE227 /* PBXTargetDependency */ = {
			isa = PBXTargetDependency;
			target = 58BFFB7028FB7327005AE227 /* Intro */;
			targetProxy = 58BFFB8228FB7328005AE227 /* PBXContainerItemProxy */;
		};
		58BFFB8D28FB7328005AE227 /* PBXTargetDependency */ = {
			isa = PBXTargetDependency;
			target = 58BFFB7028FB7327005AE227 /* Intro */;
			targetProxy = 58BFFB8C28FB7328005AE227 /* PBXContainerItemProxy */;
		};
/* End PBXTargetDependency section */

/* Begin XCBuildConfiguration section */
		58BFFB9328FB7328005AE227 /* Debug */ = {
			isa = XCBuildConfiguration;
			buildSettings = {
				ALWAYS_SEARCH_USER_PATHS = NO;
				CLANG_ANALYZER_NONNULL = YES;
				CLANG_ANALYZER_NUMBER_OBJECT_CONVERSION = YES_AGGRESSIVE;
				CLANG_CXX_LANGUAGE_STANDARD = "gnu++20";
				CLANG_ENABLE_MODULES = YES;
				CLANG_ENABLE_OBJC_ARC = YES;
				CLANG_ENABLE_OBJC_WEAK = YES;
				CLANG_WARN_BLOCK_CAPTURE_AUTORELEASING = YES;
				CLANG_WARN_BOOL_CONVERSION = YES;
				CLANG_WARN_COMMA = YES;
				CLANG_WARN_CONSTANT_CONVERSION = YES;
				CLANG_WARN_DEPRECATED_OBJC_IMPLEMENTATIONS = YES;
				CLANG_WARN_DIRECT_OBJC_ISA_USAGE = YES_ERROR;
				CLANG_WARN_DOCUMENTATION_COMMENTS = YES;
				CLANG_WARN_EMPTY_BODY = YES;
				CLANG_WARN_ENUM_CONVERSION = YES;
				CLANG_WARN_INFINITE_RECURSION = YES;
				CLANG_WARN_INT_CONVERSION = YES;
				CLANG_WARN_NON_LITERAL_NULL_CONVERSION = YES;
				CLANG_WARN_OBJC_IMPLICIT_RETAIN_SELF = YES;
				CLANG_WARN_OBJC_LITERAL_CONVERSION = YES;
				CLANG_WARN_OBJC_ROOT_CLASS = YES_ERROR;
				CLANG_WARN_QUOTED_INCLUDE_IN_FRAMEWORK_HEADER = YES;
				CLANG_WARN_RANGE_LOOP_ANALYSIS = YES;
				CLANG_WARN_STRICT_PROTOTYPES = YES;
				CLANG_WARN_SUSPICIOUS_MOVE = YES;
				CLANG_WARN_UNGUARDED_AVAILABILITY = YES_AGGRESSIVE;
				CLANG_WARN_UNREACHABLE_CODE = YES;
				CLANG_WARN__DUPLICATE_METHOD_MATCH = YES;
				COPY_PHASE_STRIP = NO;
				DEBUG_INFORMATION_FORMAT = dwarf;
				ENABLE_STRICT_OBJC_MSGSEND = YES;
				ENABLE_TESTABILITY = YES;
				GCC_C_LANGUAGE_STANDARD = gnu11;
				GCC_DYNAMIC_NO_PIC = NO;
				GCC_NO_COMMON_BLOCKS = YES;
				GCC_OPTIMIZATION_LEVEL = 0;
				GCC_PREPROCESSOR_DEFINITIONS = (
					"DEBUG=1",
					"$(inherited)",
				);
				GCC_WARN_64_TO_32_BIT_CONVERSION = YES;
				GCC_WARN_ABOUT_RETURN_TYPE = YES_ERROR;
				GCC_WARN_UNDECLARED_SELECTOR = YES;
				GCC_WARN_UNINITIALIZED_AUTOS = YES_AGGRESSIVE;
				GCC_WARN_UNUSED_FUNCTION = YES;
				GCC_WARN_UNUSED_VARIABLE = YES;
				IPHONEOS_DEPLOYMENT_TARGET = 16.0;
				MTL_ENABLE_DEBUG_INFO = INCLUDE_SOURCE;
				MTL_FAST_MATH = YES;
				ONLY_ACTIVE_ARCH = YES;
				SDKROOT = iphoneos;
				SWIFT_ACTIVE_COMPILATION_CONDITIONS = DEBUG;
				SWIFT_OPTIMIZATION_LEVEL = "-Onone";
			};
			name = Debug;
		};
		58BFFB9428FB7328005AE227 /* Release */ = {
			isa = XCBuildConfiguration;
			buildSettings = {
				ALWAYS_SEARCH_USER_PATHS = NO;
				CLANG_ANALYZER_NONNULL = YES;
				CLANG_ANALYZER_NUMBER_OBJECT_CONVERSION = YES_AGGRESSIVE;
				CLANG_CXX_LANGUAGE_STANDARD = "gnu++20";
				CLANG_ENABLE_MODULES = YES;
				CLANG_ENABLE_OBJC_ARC = YES;
				CLANG_ENABLE_OBJC_WEAK = YES;
				CLANG_WARN_BLOCK_CAPTURE_AUTORELEASING = YES;
				CLANG_WARN_BOOL_CONVERSION = YES;
				CLANG_WARN_COMMA = YES;
				CLANG_WARN_CONSTANT_CONVERSION = YES;
				CLANG_WARN_DEPRECATED_OBJC_IMPLEMENTATIONS = YES;
				CLANG_WARN_DIRECT_OBJC_ISA_USAGE = YES_ERROR;
				CLANG_WARN_DOCUMENTATION_COMMENTS = YES;
				CLANG_WARN_EMPTY_BODY = YES;
				CLANG_WARN_ENUM_CONVERSION = YES;
				CLANG_WARN_INFINITE_RECURSION = YES;
				CLANG_WARN_INT_CONVERSION = YES;
				CLANG_WARN_NON_LITERAL_NULL_CONVERSION = YES;
				CLANG_WARN_OBJC_IMPLICIT_RETAIN_SELF = YES;
				CLANG_WARN_OBJC_LITERAL_CONVERSION = YES;
				CLANG_WARN_OBJC_ROOT_CLASS = YES_ERROR;
				CLANG_WARN_QUOTED_INCLUDE_IN_FRAMEWORK_HEADER = YES;
				CLANG_WARN_RANGE_LOOP_ANALYSIS = YES;
				CLANG_WARN_STRICT_PROTOTYPES = YES;
				CLANG_WARN_SUSPICIOUS_MOVE = YES;
				CLANG_WARN_UNGUARDED_AVAILABILITY = YES_AGGRESSIVE;
				CLANG_WARN_UNREACHABLE_CODE = YES;
				CLANG_WARN__DUPLICATE_METHOD_MATCH = YES;
				COPY_PHASE_STRIP = NO;
				DEBUG_INFORMATION_FORMAT = "dwarf-with-dsym";
				ENABLE_NS_ASSERTIONS = NO;
				ENABLE_STRICT_OBJC_MSGSEND = YES;
				GCC_C_LANGUAGE_STANDARD = gnu11;
				GCC_NO_COMMON_BLOCKS = YES;
				GCC_WARN_64_TO_32_BIT_CONVERSION = YES;
				GCC_WARN_ABOUT_RETURN_TYPE = YES_ERROR;
				GCC_WARN_UNDECLARED_SELECTOR = YES;
				GCC_WARN_UNINITIALIZED_AUTOS = YES_AGGRESSIVE;
				GCC_WARN_UNUSED_FUNCTION = YES;
				GCC_WARN_UNUSED_VARIABLE = YES;
				IPHONEOS_DEPLOYMENT_TARGET = 16.0;
				MTL_ENABLE_DEBUG_INFO = NO;
				MTL_FAST_MATH = YES;
				SDKROOT = iphoneos;
				SWIFT_COMPILATION_MODE = wholemodule;
				SWIFT_OPTIMIZATION_LEVEL = "-O";
				VALIDATE_PRODUCT = YES;
			};
			name = Release;
		};
		58BFFB9628FB7328005AE227 /* Debug */ = {
			isa = XCBuildConfiguration;
			buildSettings = {
				ASSETCATALOG_COMPILER_APPICON_NAME = AppIcon;
				ASSETCATALOG_COMPILER_GLOBAL_ACCENT_COLOR_NAME = AccentColor;
				CODE_SIGN_STYLE = Automatic;
				CURRENT_PROJECT_VERSION = 1;
				DEVELOPMENT_ASSET_PATHS = "\"Intro/Preview Content\"";
				DEVELOPMENT_TEAM = 75RG233849;
				ENABLE_PREVIEWS = YES;
				GENERATE_INFOPLIST_FILE = YES;
				INFOPLIST_FILE = Intro/Info.plist;
				INFOPLIST_KEY_UIApplicationSceneManifest_Generation = YES;
				INFOPLIST_KEY_UIApplicationSupportsIndirectInputEvents = YES;
				INFOPLIST_KEY_UILaunchScreen_Generation = YES;
				INFOPLIST_KEY_UISupportedInterfaceOrientations_iPad = "UIInterfaceOrientationPortrait UIInterfaceOrientationPortraitUpsideDown UIInterfaceOrientationLandscapeLeft UIInterfaceOrientationLandscapeRight";
				INFOPLIST_KEY_UISupportedInterfaceOrientations_iPhone = "UIInterfaceOrientationPortrait UIInterfaceOrientationLandscapeLeft UIInterfaceOrientationLandscapeRight";
				IPHONEOS_DEPLOYMENT_TARGET = 16.0;
				LD_RUNPATH_SEARCH_PATHS = (
					"$(inherited)",
					"@executable_path/Frameworks",
				);
				MARKETING_VERSION = 1.0;
				PRODUCT_BUNDLE_IDENTIFIER = sinoLab.Intro;
				PRODUCT_NAME = "$(TARGET_NAME)";
				SWIFT_EMIT_LOC_STRINGS = YES;
				SWIFT_VERSION = 5.0;
				TARGETED_DEVICE_FAMILY = "1,2";
			};
			name = Debug;
		};
		58BFFB9728FB7328005AE227 /* Release */ = {
			isa = XCBuildConfiguration;
			buildSettings = {
				ASSETCATALOG_COMPILER_APPICON_NAME = AppIcon;
				ASSETCATALOG_COMPILER_GLOBAL_ACCENT_COLOR_NAME = AccentColor;
				CODE_SIGN_STYLE = Automatic;
				CURRENT_PROJECT_VERSION = 1;
				DEVELOPMENT_ASSET_PATHS = "\"Intro/Preview Content\"";
				DEVELOPMENT_TEAM = 75RG233849;
				ENABLE_PREVIEWS = YES;
				GENERATE_INFOPLIST_FILE = YES;
				INFOPLIST_FILE = Intro/Info.plist;
				INFOPLIST_KEY_UIApplicationSceneManifest_Generation = YES;
				INFOPLIST_KEY_UIApplicationSupportsIndirectInputEvents = YES;
				INFOPLIST_KEY_UILaunchScreen_Generation = YES;
				INFOPLIST_KEY_UISupportedInterfaceOrientations_iPad = "UIInterfaceOrientationPortrait UIInterfaceOrientationPortraitUpsideDown UIInterfaceOrientationLandscapeLeft UIInterfaceOrientationLandscapeRight";
				INFOPLIST_KEY_UISupportedInterfaceOrientations_iPhone = "UIInterfaceOrientationPortrait UIInterfaceOrientationLandscapeLeft UIInterfaceOrientationLandscapeRight";
				IPHONEOS_DEPLOYMENT_TARGET = 16.0;
				LD_RUNPATH_SEARCH_PATHS = (
					"$(inherited)",
					"@executable_path/Frameworks",
				);
				MARKETING_VERSION = 1.0;
				PRODUCT_BUNDLE_IDENTIFIER = sinoLab.Intro;
				PRODUCT_NAME = "$(TARGET_NAME)";
				SWIFT_EMIT_LOC_STRINGS = YES;
				SWIFT_VERSION = 5.0;
				TARGETED_DEVICE_FAMILY = "1,2";
			};
			name = Release;
		};
		58BFFB9928FB7328005AE227 /* Debug */ = {
			isa = XCBuildConfiguration;
			buildSettings = {
				ALWAYS_EMBED_SWIFT_STANDARD_LIBRARIES = YES;
				BUNDLE_LOADER = "$(TEST_HOST)";
				CODE_SIGN_STYLE = Automatic;
				CURRENT_PROJECT_VERSION = 1;
				DEVELOPMENT_TEAM = 75RG233849;
				GENERATE_INFOPLIST_FILE = YES;
				IPHONEOS_DEPLOYMENT_TARGET = 16.0;
				MARKETING_VERSION = 1.0;
				PRODUCT_BUNDLE_IDENTIFIER = sinoLab.IntroTests;
				PRODUCT_NAME = "$(TARGET_NAME)";
				SWIFT_EMIT_LOC_STRINGS = NO;
				SWIFT_VERSION = 5.0;
				TARGETED_DEVICE_FAMILY = "1,2";
				TEST_HOST = "$(BUILT_PRODUCTS_DIR)/Intro.app/$(BUNDLE_EXECUTABLE_FOLDER_PATH)/Intro";
			};
			name = Debug;
		};
		58BFFB9A28FB7328005AE227 /* Release */ = {
			isa = XCBuildConfiguration;
			buildSettings = {
				ALWAYS_EMBED_SWIFT_STANDARD_LIBRARIES = YES;
				BUNDLE_LOADER = "$(TEST_HOST)";
				CODE_SIGN_STYLE = Automatic;
				CURRENT_PROJECT_VERSION = 1;
				DEVELOPMENT_TEAM = 75RG233849;
				GENERATE_INFOPLIST_FILE = YES;
				IPHONEOS_DEPLOYMENT_TARGET = 16.0;
				MARKETING_VERSION = 1.0;
				PRODUCT_BUNDLE_IDENTIFIER = sinoLab.IntroTests;
				PRODUCT_NAME = "$(TARGET_NAME)";
				SWIFT_EMIT_LOC_STRINGS = NO;
				SWIFT_VERSION = 5.0;
				TARGETED_DEVICE_FAMILY = "1,2";
				TEST_HOST = "$(BUILT_PRODUCTS_DIR)/Intro.app/$(BUNDLE_EXECUTABLE_FOLDER_PATH)/Intro";
			};
			name = Release;
		};
		58BFFB9C28FB7328005AE227 /* Debug */ = {
			isa = XCBuildConfiguration;
			buildSettings = {
				ALWAYS_EMBED_SWIFT_STANDARD_LIBRARIES = YES;
				CODE_SIGN_STYLE = Automatic;
				CURRENT_PROJECT_VERSION = 1;
				DEVELOPMENT_TEAM = 75RG233849;
				GENERATE_INFOPLIST_FILE = YES;
				MARKETING_VERSION = 1.0;
				PRODUCT_BUNDLE_IDENTIFIER = sinoLab.IntroUITests;
				PRODUCT_NAME = "$(TARGET_NAME)";
				SWIFT_EMIT_LOC_STRINGS = NO;
				SWIFT_VERSION = 5.0;
				TARGETED_DEVICE_FAMILY = "1,2";
				TEST_TARGET_NAME = Intro;
			};
			name = Debug;
		};
		58BFFB9D28FB7328005AE227 /* Release */ = {
			isa = XCBuildConfiguration;
			buildSettings = {
				ALWAYS_EMBED_SWIFT_STANDARD_LIBRARIES = YES;
				CODE_SIGN_STYLE = Automatic;
				CURRENT_PROJECT_VERSION = 1;
				DEVELOPMENT_TEAM = 75RG233849;
				GENERATE_INFOPLIST_FILE = YES;
				MARKETING_VERSION = 1.0;
				PRODUCT_BUNDLE_IDENTIFIER = sinoLab.IntroUITests;
				PRODUCT_NAME = "$(TARGET_NAME)";
				SWIFT_EMIT_LOC_STRINGS = NO;
				SWIFT_VERSION = 5.0;
				TARGETED_DEVICE_FAMILY = "1,2";
				TEST_TARGET_NAME = Intro;
			};
			name = Release;
		};
/* End XCBuildConfiguration section */

/* Begin XCConfigurationList section */
		58BFFB6C28FB7327005AE227 /* Build configuration list for PBXProject "Intro" */ = {
			isa = XCConfigurationList;
			buildConfigurations = (
				58BFFB9328FB7328005AE227 /* Debug */,
				58BFFB9428FB7328005AE227 /* Release */,
			);
			defaultConfigurationIsVisible = 0;
			defaultConfigurationName = Release;
		};
		58BFFB9528FB7328005AE227 /* Build configuration list for PBXNativeTarget "Intro" */ = {
			isa = XCConfigurationList;
			buildConfigurations = (
				58BFFB9628FB7328005AE227 /* Debug */,
				58BFFB9728FB7328005AE227 /* Release */,
			);
			defaultConfigurationIsVisible = 0;
			defaultConfigurationName = Release;
		};
		58BFFB9828FB7328005AE227 /* Build configuration list for PBXNativeTarget "IntroTests" */ = {
			isa = XCConfigurationList;
			buildConfigurations = (
				58BFFB9928FB7328005AE227 /* Debug */,
				58BFFB9A28FB7328005AE227 /* Release */,
			);
			defaultConfigurationIsVisible = 0;
			defaultConfigurationName = Release;
		};
		58BFFB9B28FB7328005AE227 /* Build configuration list for PBXNativeTarget "IntroUITests" */ = {
			isa = XCConfigurationList;
			buildConfigurations = (
				58BFFB9C28FB7328005AE227 /* Debug */,
				58BFFB9D28FB7328005AE227 /* Release */,
			);
			defaultConfigurationIsVisible = 0;
			defaultConfigurationName = Release;
		};
/* End XCConfigurationList section */
	};
	rootObject = 58BFFB6928FB7327005AE227 /* Project object */;
}
