// !$*UTF8*$!
{
	archiveVersion = 1;
	classes = {
	};
	objectVersion = 55;
	objects = {

/* Begin PBXBuildFile section */
		586C08BF2825EBED0041C774 /* TaskManagerApp.swift in Sources */ = {isa = PBXBuildFile; fileRef = 586C08BE2825EBED0041C774 /* TaskManagerApp.swift */; };
		586C08C12825EBED0041C774 /* ContentView.swift in Sources */ = {isa = PBXBuildFile; fileRef = 586C08C02825EBED0041C774 /* ContentView.swift */; };
		586C08C32825EBEE0041C774 /* Assets.xcassets in Resources */ = {isa = PBXBuildFile; fileRef = 586C08C22825EBEE0041C774 /* Assets.xcassets */; };
		586C08C62825EBEE0041C774 /* Preview Assets.xcassets in Resources */ = {isa = PBXBuildFile; fileRef = 586C08C52825EBEE0041C774 /* Preview Assets.xcassets */; };
		586C08C82825EBEE0041C774 /* Persistence.swift in Sources */ = {isa = PBXBuildFile; fileRef = 586C08C72825EBEE0041C774 /* Persistence.swift */; };
		586C08CB2825EBEE0041C774 /* TaskManager.xcdatamodeld in Sources */ = {isa = PBXBuildFile; fileRef = 586C08C92825EBEE0041C774 /* TaskManager.xcdatamodeld */; };
		586C08D52825EBEE0041C774 /* TaskManagerTests.swift in Sources */ = {isa = PBXBuildFile; fileRef = 586C08D42825EBEE0041C774 /* TaskManagerTests.swift */; };
		586C08DF2825EBEE0041C774 /* TaskManagerUITests.swift in Sources */ = {isa = PBXBuildFile; fileRef = 586C08DE2825EBEE0041C774 /* TaskManagerUITests.swift */; };
		586C08E12825EBEE0041C774 /* TaskManagerUITestsLaunchTests.swift in Sources */ = {isa = PBXBuildFile; fileRef = 586C08E02825EBEE0041C774 /* TaskManagerUITestsLaunchTests.swift */; };
		586C08F02825EE000041C774 /* Home.swift in Sources */ = {isa = PBXBuildFile; fileRef = 586C08EF2825EE000041C774 /* Home.swift */; };
		586C08F22825F3FC0041C774 /* TaskViewModel.swift in Sources */ = {isa = PBXBuildFile; fileRef = 586C08F12825F3FC0041C774 /* TaskViewModel.swift */; };
		586C08F428260C860041C774 /* AddNewTask.swift in Sources */ = {isa = PBXBuildFile; fileRef = 586C08F328260C860041C774 /* AddNewTask.swift */; };
		5892284B28272CB2004D938B /* DynamicFilteredView.swift in Sources */ = {isa = PBXBuildFile; fileRef = 5892284A28272CB2004D938B /* DynamicFilteredView.swift */; };
/* End PBXBuildFile section */

/* Begin PBXContainerItemProxy section */
		586C08D12825EBEE0041C774 /* PBXContainerItemProxy */ = {
			isa = PBXContainerItemProxy;
			containerPortal = 586C08B32825EBED0041C774 /* Project object */;
			proxyType = 1;
			remoteGlobalIDString = 586C08BA2825EBED0041C774;
			remoteInfo = TaskManager;
		};
		586C08DB2825EBEE0041C774 /* PBXContainerItemProxy */ = {
			isa = PBXContainerItemProxy;
			containerPortal = 586C08B32825EBED0041C774 /* Project object */;
			proxyType = 1;
			remoteGlobalIDString = 586C08BA2825EBED0041C774;
			remoteInfo = TaskManager;
		};
/* End PBXContainerItemProxy section */

/* Begin PBXFileReference section */
		586C08BB2825EBED0041C774 /* TaskManager.app */ = {isa = PBXFileReference; explicitFileType = wrapper.application; includeInIndex = 0; path = TaskManager.app; sourceTree = BUILT_PRODUCTS_DIR; };
		586C08BE2825EBED0041C774 /* TaskManagerApp.swift */ = {isa = PBXFileReference; lastKnownFileType = sourcecode.swift; path = TaskManagerApp.swift; sourceTree = "<group>"; };
		586C08C02825EBED0041C774 /* ContentView.swift */ = {isa = PBXFileReference; lastKnownFileType = sourcecode.swift; path = ContentView.swift; sourceTree = "<group>"; };
		586C08C22825EBEE0041C774 /* Assets.xcassets */ = {isa = PBXFileReference; lastKnownFileType = folder.assetcatalog; path = Assets.xcassets; sourceTree = "<group>"; };
		586C08C52825EBEE0041C774 /* Preview Assets.xcassets */ = {isa = PBXFileReference; lastKnownFileType = folder.assetcatalog; path = "Preview Assets.xcassets"; sourceTree = "<group>"; };
		586C08C72825EBEE0041C774 /* Persistence.swift */ = {isa = PBXFileReference; lastKnownFileType = sourcecode.swift; path = Persistence.swift; sourceTree = "<group>"; };
		586C08CA2825EBEE0041C774 /* TaskManager.xcdatamodel */ = {isa = PBXFileReference; lastKnownFileType = wrapper.xcdatamodel; path = TaskManager.xcdatamodel; sourceTree = "<group>"; };
		586C08D02825EBEE0041C774 /* TaskManagerTests.xctest */ = {isa = PBXFileReference; explicitFileType = wrapper.cfbundle; includeInIndex = 0; path = TaskManagerTests.xctest; sourceTree = BUILT_PRODUCTS_DIR; };
		586C08D42825EBEE0041C774 /* TaskManagerTests.swift */ = {isa = PBXFileReference; lastKnownFileType = sourcecode.swift; path = TaskManagerTests.swift; sourceTree = "<group>"; };
		586C08DA2825EBEE0041C774 /* TaskManagerUITests.xctest */ = {isa = PBXFileReference; explicitFileType = wrapper.cfbundle; includeInIndex = 0; path = TaskManagerUITests.xctest; sourceTree = BUILT_PRODUCTS_DIR; };
		586C08DE2825EBEE0041C774 /* TaskManagerUITests.swift */ = {isa = PBXFileReference; lastKnownFileType = sourcecode.swift; path = TaskManagerUITests.swift; sourceTree = "<group>"; };
		586C08E02825EBEE0041C774 /* TaskManagerUITestsLaunchTests.swift */ = {isa = PBXFileReference; lastKnownFileType = sourcecode.swift; path = TaskManagerUITestsLaunchTests.swift; sourceTree = "<group>"; };
		586C08EF2825EE000041C774 /* Home.swift */ = {isa = PBXFileReference; lastKnownFileType = sourcecode.swift; path = Home.swift; sourceTree = "<group>"; };
		586C08F12825F3FC0041C774 /* TaskViewModel.swift */ = {isa = PBXFileReference; lastKnownFileType = sourcecode.swift; path = TaskViewModel.swift; sourceTree = "<group>"; };
		586C08F328260C860041C774 /* AddNewTask.swift */ = {isa = PBXFileReference; lastKnownFileType = sourcecode.swift; path = AddNewTask.swift; sourceTree = "<group>"; };
		5892284A28272CB2004D938B /* DynamicFilteredView.swift */ = {isa = PBXFileReference; lastKnownFileType = sourcecode.swift; path = DynamicFilteredView.swift; sourceTree = "<group>"; };
/* End PBXFileReference section */

/* Begin PBXFrameworksBuildPhase section */
		586C08B82825EBED0041C774 /* Frameworks */ = {
			isa = PBXFrameworksBuildPhase;
			buildActionMask = 2147483647;
			files = (
			);
			runOnlyForDeploymentPostprocessing = 0;
		};
		586C08CD2825EBEE0041C774 /* Frameworks */ = {
			isa = PBXFrameworksBuildPhase;
			buildActionMask = 2147483647;
			files = (
			);
			runOnlyForDeploymentPostprocessing = 0;
		};
		586C08D72825EBEE0041C774 /* Frameworks */ = {
			isa = PBXFrameworksBuildPhase;
			buildActionMask = 2147483647;
			files = (
			);
			runOnlyForDeploymentPostprocessing = 0;
		};
/* End PBXFrameworksBuildPhase section */

/* Begin PBXGroup section */
		586C08B22825EBED0041C774 = {
			isa = PBXGroup;
			children = (
				586C08BD2825EBED0041C774 /* TaskManager */,
				586C08D32825EBEE0041C774 /* TaskManagerTests */,
				586C08DD2825EBEE0041C774 /* TaskManagerUITests */,
				586C08BC2825EBED0041C774 /* Products */,
			);
			sourceTree = "<group>";
		};
		586C08BC2825EBED0041C774 /* Products */ = {
			isa = PBXGroup;
			children = (
				586C08BB2825EBED0041C774 /* TaskManager.app */,
				586C08D02825EBEE0041C774 /* TaskManagerTests.xctest */,
				586C08DA2825EBEE0041C774 /* TaskManagerUITests.xctest */,
			);
			name = Products;
			sourceTree = "<group>";
		};
		586C08BD2825EBED0041C774 /* TaskManager */ = {
			isa = PBXGroup;
			children = (
				586C08EE2825EDD10041C774 /* ViewModel */,
				586C08ED2825EDBD0041C774 /* View */,
				586C08BE2825EBED0041C774 /* TaskManagerApp.swift */,
				586C08C02825EBED0041C774 /* ContentView.swift */,
				586C08C72825EBEE0041C774 /* Persistence.swift */,
				586C08C22825EBEE0041C774 /* Assets.xcassets */,
				586C08C92825EBEE0041C774 /* TaskManager.xcdatamodeld */,
				586C08C42825EBEE0041C774 /* Preview Content */,
			);
			path = TaskManager;
			sourceTree = "<group>";
		};
		586C08C42825EBEE0041C774 /* Preview Content */ = {
			isa = PBXGroup;
			children = (
				586C08C52825EBEE0041C774 /* Preview Assets.xcassets */,
			);
			path = "Preview Content";
			sourceTree = "<group>";
		};
		586C08D32825EBEE0041C774 /* TaskManagerTests */ = {
			isa = PBXGroup;
			children = (
				586C08D42825EBEE0041C774 /* TaskManagerTests.swift */,
			);
			path = TaskManagerTests;
			sourceTree = "<group>";
		};
		586C08DD2825EBEE0041C774 /* TaskManagerUITests */ = {
			isa = PBXGroup;
			children = (
				586C08DE2825EBEE0041C774 /* TaskManagerUITests.swift */,
				586C08E02825EBEE0041C774 /* TaskManagerUITestsLaunchTests.swift */,
			);
			path = TaskManagerUITests;
			sourceTree = "<group>";
		};
		586C08ED2825EDBD0041C774 /* View */ = {
			isa = PBXGroup;
			children = (
				586C08EF2825EE000041C774 /* Home.swift */,
				586C08F328260C860041C774 /* AddNewTask.swift */,
				5892284A28272CB2004D938B /* DynamicFilteredView.swift */,
			);
			path = View;
			sourceTree = "<group>";
		};
		586C08EE2825EDD10041C774 /* ViewModel */ = {
			isa = PBXGroup;
			children = (
				586C08F12825F3FC0041C774 /* TaskViewModel.swift */,
			);
			path = ViewModel;
			sourceTree = "<group>";
		};
/* End PBXGroup section */

/* Begin PBXNativeTarget section */
		586C08BA2825EBED0041C774 /* TaskManager */ = {
			isa = PBXNativeTarget;
			buildConfigurationList = 586C08E42825EBEE0041C774 /* Build configuration list for PBXNativeTarget "TaskManager" */;
			buildPhases = (
				586C08B72825EBED0041C774 /* Sources */,
				586C08B82825EBED0041C774 /* Frameworks */,
				586C08B92825EBED0041C774 /* Resources */,
			);
			buildRules = (
			);
			dependencies = (
			);
			name = TaskManager;
			productName = TaskManager;
			productReference = 586C08BB2825EBED0041C774 /* TaskManager.app */;
			productType = "com.apple.product-type.application";
		};
		586C08CF2825EBEE0041C774 /* TaskManagerTests */ = {
			isa = PBXNativeTarget;
			buildConfigurationList = 586C08E72825EBEE0041C774 /* Build configuration list for PBXNativeTarget "TaskManagerTests" */;
			buildPhases = (
				586C08CC2825EBEE0041C774 /* Sources */,
				586C08CD2825EBEE0041C774 /* Frameworks */,
				586C08CE2825EBEE0041C774 /* Resources */,
			);
			buildRules = (
			);
			dependencies = (
				586C08D22825EBEE0041C774 /* PBXTargetDependency */,
			);
			name = TaskManagerTests;
			productName = TaskManagerTests;
			productReference = 586C08D02825EBEE0041C774 /* TaskManagerTests.xctest */;
			productType = "com.apple.product-type.bundle.unit-test";
		};
		586C08D92825EBEE0041C774 /* TaskManagerUITests */ = {
			isa = PBXNativeTarget;
			buildConfigurationList = 586C08EA2825EBEE0041C774 /* Build configuration list for PBXNativeTarget "TaskManagerUITests" */;
			buildPhases = (
				586C08D62825EBEE0041C774 /* Sources */,
				586C08D72825EBEE0041C774 /* Frameworks */,
				586C08D82825EBEE0041C774 /* Resources */,
			);
			buildRules = (
			);
			dependencies = (
				586C08DC2825EBEE0041C774 /* PBXTargetDependency */,
			);
			name = TaskManagerUITests;
			productName = TaskManagerUITests;
			productReference = 586C08DA2825EBEE0041C774 /* TaskManagerUITests.xctest */;
			productType = "com.apple.product-type.bundle.ui-testing";
		};
/* End PBXNativeTarget section */

/* Begin PBXProject section */
		586C08B32825EBED0041C774 /* Project object */ = {
			isa = PBXProject;
			attributes = {
				BuildIndependentTargetsInParallel = 1;
				LastSwiftUpdateCheck = 1330;
				LastUpgradeCheck = 1330;
				TargetAttributes = {
					586C08BA2825EBED0041C774 = {
						CreatedOnToolsVersion = 13.3;
					};
					586C08CF2825EBEE0041C774 = {
						CreatedOnToolsVersion = 13.3;
						TestTargetID = 586C08BA2825EBED0041C774;
					};
					586C08D92825EBEE0041C774 = {
						CreatedOnToolsVersion = 13.3;
						TestTargetID = 586C08BA2825EBED0041C774;
					};
				};
			};
			buildConfigurationList = 586C08B62825EBED0041C774 /* Build configuration list for PBXProject "TaskManager" */;
			compatibilityVersion = "Xcode 13.0";
			developmentRegion = en;
			hasScannedForEncodings = 0;
			knownRegions = (
				en,
				Base,
			);
			mainGroup = 586C08B22825EBED0041C774;
			productRefGroup = 586C08BC2825EBED0041C774 /* Products */;
			projectDirPath = "";
			projectRoot = "";
			targets = (
				586C08BA2825EBED0041C774 /* TaskManager */,
				586C08CF2825EBEE0041C774 /* TaskManagerTests */,
				586C08D92825EBEE0041C774 /* TaskManagerUITests */,
			);
		};
/* End PBXProject section */

/* Begin PBXResourcesBuildPhase section */
		586C08B92825EBED0041C774 /* Resources */ = {
			isa = PBXResourcesBuildPhase;
			buildActionMask = 2147483647;
			files = (
				586C08C62825EBEE0041C774 /* Preview Assets.xcassets in Resources */,
				586C08C32825EBEE0041C774 /* Assets.xcassets in Resources */,
			);
			runOnlyForDeploymentPostprocessing = 0;
		};
		586C08CE2825EBEE0041C774 /* Resources */ = {
			isa = PBXResourcesBuildPhase;
			buildActionMask = 2147483647;
			files = (
			);
			runOnlyForDeploymentPostprocessing = 0;
		};
		586C08D82825EBEE0041C774 /* Resources */ = {
			isa = PBXResourcesBuildPhase;
			buildActionMask = 2147483647;
			files = (
			);
			runOnlyForDeploymentPostprocessing = 0;
		};
/* End PBXResourcesBuildPhase section */

/* Begin PBXSourcesBuildPhase section */
		586C08B72825EBED0041C774 /* Sources */ = {
			isa = PBXSourcesBuildPhase;
			buildActionMask = 2147483647;
			files = (
				586C08C82825EBEE0041C774 /* Persistence.swift in Sources */,
				586C08F22825F3FC0041C774 /* TaskViewModel.swift in Sources */,
				586C08C12825EBED0041C774 /* ContentView.swift in Sources */,
				5892284B28272CB2004D938B /* DynamicFilteredView.swift in Sources */,
				586C08F02825EE000041C774 /* Home.swift in Sources */,
				586C08F428260C860041C774 /* AddNewTask.swift in Sources */,
				586C08CB2825EBEE0041C774 /* TaskManager.xcdatamodeld in Sources */,
				586C08BF2825EBED0041C774 /* TaskManagerApp.swift in Sources */,
			);
			runOnlyForDeploymentPostprocessing = 0;
		};
		586C08CC2825EBEE0041C774 /* Sources */ = {
			isa = PBXSourcesBuildPhase;
			buildActionMask = 2147483647;
			files = (
				586C08D52825EBEE0041C774 /* TaskManagerTests.swift in Sources */,
			);
			runOnlyForDeploymentPostprocessing = 0;
		};
		586C08D62825EBEE0041C774 /* Sources */ = {
			isa = PBXSourcesBuildPhase;
			buildActionMask = 2147483647;
			files = (
				586C08DF2825EBEE0041C774 /* TaskManagerUITests.swift in Sources */,
				586C08E12825EBEE0041C774 /* TaskManagerUITestsLaunchTests.swift in Sources */,
			);
			runOnlyForDeploymentPostprocessing = 0;
		};
/* End PBXSourcesBuildPhase section */

/* Begin PBXTargetDependency section */
		586C08D22825EBEE0041C774 /* PBXTargetDependency */ = {
			isa = PBXTargetDependency;
			target = 586C08BA2825EBED0041C774 /* TaskManager */;
			targetProxy = 586C08D12825EBEE0041C774 /* PBXContainerItemProxy */;
		};
		586C08DC2825EBEE0041C774 /* PBXTargetDependency */ = {
			isa = PBXTargetDependency;
			target = 586C08BA2825EBED0041C774 /* TaskManager */;
			targetProxy = 586C08DB2825EBEE0041C774 /* PBXContainerItemProxy */;
		};
/* End PBXTargetDependency section */

/* Begin XCBuildConfiguration section */
		586C08E22825EBEE0041C774 /* Debug */ = {
			isa = XCBuildConfiguration;
			buildSettings = {
				ALWAYS_SEARCH_USER_PATHS = NO;
				CLANG_ANALYZER_NONNULL = YES;
				CLANG_ANALYZER_NUMBER_OBJECT_CONVERSION = YES_AGGRESSIVE;
				CLANG_CXX_LANGUAGE_STANDARD = "gnu++17";
				CLANG_ENABLE_MODULES = YES;
				CLANG_ENABLE_OBJC_ARC = YES;
				CLANG_ENABLE_OBJC_WEAK = YES;
				CLANG_WARN_BLOCK_CAPTURE_AUTORELEASING = YES;
				CLANG_WARN_BOOL_CONVERSION = YES;
				CLANG_WARN_COMMA = YES;
				CLANG_WARN_CONSTANT_CONVERSION = YES;
				CLANG_WARN_DEPRECATED_OBJC_IMPLEMENTATIONS = YES;
				CLANG_WARN_DIRECT_OBJC_ISA_USAGE = YES_ERROR;
				CLANG_WARN_DOCUMENTATION_COMMENTS = YES;
				CLANG_WARN_EMPTY_BODY = YES;
				CLANG_WARN_ENUM_CONVERSION = YES;
				CLANG_WARN_INFINITE_RECURSION = YES;
				CLANG_WARN_INT_CONVERSION = YES;
				CLANG_WARN_NON_LITERAL_NULL_CONVERSION = YES;
				CLANG_WARN_OBJC_IMPLICIT_RETAIN_SELF = YES;
				CLANG_WARN_OBJC_LITERAL_CONVERSION = YES;
				CLANG_WARN_OBJC_ROOT_CLASS = YES_ERROR;
				CLANG_WARN_QUOTED_INCLUDE_IN_FRAMEWORK_HEADER = YES;
				CLANG_WARN_RANGE_LOOP_ANALYSIS = YES;
				CLANG_WARN_STRICT_PROTOTYPES = YES;
				CLANG_WARN_SUSPICIOUS_MOVE = YES;
				CLANG_WARN_UNGUARDED_AVAILABILITY = YES_AGGRESSIVE;
				CLANG_WARN_UNREACHABLE_CODE = YES;
				CLANG_WARN__DUPLICATE_METHOD_MATCH = YES;
				COPY_PHASE_STRIP = NO;
				DEBUG_INFORMATION_FORMAT = dwarf;
				ENABLE_STRICT_OBJC_MSGSEND = YES;
				ENABLE_TESTABILITY = YES;
				GCC_C_LANGUAGE_STANDARD = gnu11;
				GCC_DYNAMIC_NO_PIC = NO;
				GCC_NO_COMMON_BLOCKS = YES;
				GCC_OPTIMIZATION_LEVEL = 0;
				GCC_PREPROCESSOR_DEFINITIONS = (
					"DEBUG=1",
					"$(inherited)",
				);
				GCC_WARN_64_TO_32_BIT_CONVERSION = YES;
				GCC_WARN_ABOUT_RETURN_TYPE = YES_ERROR;
				GCC_WARN_UNDECLARED_SELECTOR = YES;
				GCC_WARN_UNINITIALIZED_AUTOS = YES_AGGRESSIVE;
				GCC_WARN_UNUSED_FUNCTION = YES;
				GCC_WARN_UNUSED_VARIABLE = YES;
				IPHONEOS_DEPLOYMENT_TARGET = 15.4;
				MTL_ENABLE_DEBUG_INFO = INCLUDE_SOURCE;
				MTL_FAST_MATH = YES;
				ONLY_ACTIVE_ARCH = YES;
				SDKROOT = iphoneos;
				SWIFT_ACTIVE_COMPILATION_CONDITIONS = DEBUG;
				SWIFT_OPTIMIZATION_LEVEL = "-Onone";
			};
			name = Debug;
		};
		586C08E32825EBEE0041C774 /* Release */ = {
			isa = XCBuildConfiguration;
			buildSettings = {
				ALWAYS_SEARCH_USER_PATHS = NO;
				CLANG_ANALYZER_NONNULL = YES;
				CLANG_ANALYZER_NUMBER_OBJECT_CONVERSION = YES_AGGRESSIVE;
				CLANG_CXX_LANGUAGE_STANDARD = "gnu++17";
				CLANG_ENABLE_MODULES = YES;
				CLANG_ENABLE_OBJC_ARC = YES;
				CLANG_ENABLE_OBJC_WEAK = YES;
				CLANG_WARN_BLOCK_CAPTURE_AUTORELEASING = YES;
				CLANG_WARN_BOOL_CONVERSION = YES;
				CLANG_WARN_COMMA = YES;
				CLANG_WARN_CONSTANT_CONVERSION = YES;
				CLANG_WARN_DEPRECATED_OBJC_IMPLEMENTATIONS = YES;
				CLANG_WARN_DIRECT_OBJC_ISA_USAGE = YES_ERROR;
				CLANG_WARN_DOCUMENTATION_COMMENTS = YES;
				CLANG_WARN_EMPTY_BODY = YES;
				CLANG_WARN_ENUM_CONVERSION = YES;
				CLANG_WARN_INFINITE_RECURSION = YES;
				CLANG_WARN_INT_CONVERSION = YES;
				CLANG_WARN_NON_LITERAL_NULL_CONVERSION = YES;
				CLANG_WARN_OBJC_IMPLICIT_RETAIN_SELF = YES;
				CLANG_WARN_OBJC_LITERAL_CONVERSION = YES;
				CLANG_WARN_OBJC_ROOT_CLASS = YES_ERROR;
				CLANG_WARN_QUOTED_INCLUDE_IN_FRAMEWORK_HEADER = YES;
				CLANG_WARN_RANGE_LOOP_ANALYSIS = YES;
				CLANG_WARN_STRICT_PROTOTYPES = YES;
				CLANG_WARN_SUSPICIOUS_MOVE = YES;
				CLANG_WARN_UNGUARDED_AVAILABILITY = YES_AGGRESSIVE;
				CLANG_WARN_UNREACHABLE_CODE = YES;
				CLANG_WARN__DUPLICATE_METHOD_MATCH = YES;
				COPY_PHASE_STRIP = NO;
				DEBUG_INFORMATION_FORMAT = "dwarf-with-dsym";
				ENABLE_NS_ASSERTIONS = NO;
				ENABLE_STRICT_OBJC_MSGSEND = YES;
				GCC_C_LANGUAGE_STANDARD = gnu11;
				GCC_NO_COMMON_BLOCKS = YES;
				GCC_WARN_64_TO_32_BIT_CONVERSION = YES;
				GCC_WARN_ABOUT_RETURN_TYPE = YES_ERROR;
				GCC_WARN_UNDECLARED_SELECTOR = YES;
				GCC_WARN_UNINITIALIZED_AUTOS = YES_AGGRESSIVE;
				GCC_WARN_UNUSED_FUNCTION = YES;
				GCC_WARN_UNUSED_VARIABLE = YES;
				IPHONEOS_DEPLOYMENT_TARGET = 15.4;
				MTL_ENABLE_DEBUG_INFO = NO;
				MTL_FAST_MATH = YES;
				SDKROOT = iphoneos;
				SWIFT_COMPILATION_MODE = wholemodule;
				SWIFT_OPTIMIZATION_LEVEL = "-O";
				VALIDATE_PRODUCT = YES;
			};
			name = Release;
		};
		586C08E52825EBEE0041C774 /* Debug */ = {
			isa = XCBuildConfiguration;
			buildSettings = {
				ASSETCATALOG_COMPILER_APPICON_NAME = AppIcon;
				ASSETCATALOG_COMPILER_GLOBAL_ACCENT_COLOR_NAME = AccentColor;
				CODE_SIGN_STYLE = Automatic;
				CURRENT_PROJECT_VERSION = 1;
				DEVELOPMENT_ASSET_PATHS = "\"TaskManager/Preview Content\"";
				DEVELOPMENT_TEAM = 75RG233849;
				ENABLE_PREVIEWS = YES;
				GENERATE_INFOPLIST_FILE = YES;
				INFOPLIST_KEY_UIApplicationSceneManifest_Generation = YES;
				INFOPLIST_KEY_UIApplicationSupportsIndirectInputEvents = YES;
				INFOPLIST_KEY_UILaunchScreen_Generation = YES;
				INFOPLIST_KEY_UISupportedInterfaceOrientations_iPad = "UIInterfaceOrientationPortrait UIInterfaceOrientationPortraitUpsideDown UIInterfaceOrientationLandscapeLeft UIInterfaceOrientationLandscapeRight";
				INFOPLIST_KEY_UISupportedInterfaceOrientations_iPhone = "UIInterfaceOrientationPortrait UIInterfaceOrientationLandscapeLeft UIInterfaceOrientationLandscapeRight";
				LD_RUNPATH_SEARCH_PATHS = (
					"$(inherited)",
					"@executable_path/Frameworks",
				);
				MARKETING_VERSION = 1.0;
				PRODUCT_BUNDLE_IDENTIFIER = sinoLab.TaskManager;
				PRODUCT_NAME = "$(TARGET_NAME)";
				SWIFT_EMIT_LOC_STRINGS = YES;
				SWIFT_VERSION = 5.0;
				TARGETED_DEVICE_FAMILY = "1,2";
			};
			name = Debug;
		};
		586C08E62825EBEE0041C774 /* Release */ = {
			isa = XCBuildConfiguration;
			buildSettings = {
				ASSETCATALOG_COMPILER_APPICON_NAME = AppIcon;
				ASSETCATALOG_COMPILER_GLOBAL_ACCENT_COLOR_NAME = AccentColor;
				CODE_SIGN_STYLE = Automatic;
				CURRENT_PROJECT_VERSION = 1;
				DEVELOPMENT_ASSET_PATHS = "\"TaskManager/Preview Content\"";
				DEVELOPMENT_TEAM = 75RG233849;
				ENABLE_PREVIEWS = YES;
				GENERATE_INFOPLIST_FILE = YES;
				INFOPLIST_KEY_UIApplicationSceneManifest_Generation = YES;
				INFOPLIST_KEY_UIApplicationSupportsIndirectInputEvents = YES;
				INFOPLIST_KEY_UILaunchScreen_Generation = YES;
				INFOPLIST_KEY_UISupportedInterfaceOrientations_iPad = "UIInterfaceOrientationPortrait UIInterfaceOrientationPortraitUpsideDown UIInterfaceOrientationLandscapeLeft UIInterfaceOrientationLandscapeRight";
				INFOPLIST_KEY_UISupportedInterfaceOrientations_iPhone = "UIInterfaceOrientationPortrait UIInterfaceOrientationLandscapeLeft UIInterfaceOrientationLandscapeRight";
				LD_RUNPATH_SEARCH_PATHS = (
					"$(inherited)",
					"@executable_path/Frameworks",
				);
				MARKETING_VERSION = 1.0;
				PRODUCT_BUNDLE_IDENTIFIER = sinoLab.TaskManager;
				PRODUCT_NAME = "$(TARGET_NAME)";
				SWIFT_EMIT_LOC_STRINGS = YES;
				SWIFT_VERSION = 5.0;
				TARGETED_DEVICE_FAMILY = "1,2";
			};
			name = Release;
		};
		586C08E82825EBEE0041C774 /* Debug */ = {
			isa = XCBuildConfiguration;
			buildSettings = {
				ALWAYS_EMBED_SWIFT_STANDARD_LIBRARIES = YES;
				BUNDLE_LOADER = "$(TEST_HOST)";
				CODE_SIGN_STYLE = Automatic;
				CURRENT_PROJECT_VERSION = 1;
				DEVELOPMENT_TEAM = 75RG233849;
				GENERATE_INFOPLIST_FILE = YES;
				IPHONEOS_DEPLOYMENT_TARGET = 15.4;
				MARKETING_VERSION = 1.0;
				PRODUCT_BUNDLE_IDENTIFIER = sinoLab.TaskManagerTests;
				PRODUCT_NAME = "$(TARGET_NAME)";
				SWIFT_EMIT_LOC_STRINGS = NO;
				SWIFT_VERSION = 5.0;
				TARGETED_DEVICE_FAMILY = "1,2";
				TEST_HOST = "$(BUILT_PRODUCTS_DIR)/TaskManager.app/TaskManager";
			};
			name = Debug;
		};
		586C08E92825EBEE0041C774 /* Release */ = {
			isa = XCBuildConfiguration;
			buildSettings = {
				ALWAYS_EMBED_SWIFT_STANDARD_LIBRARIES = YES;
				BUNDLE_LOADER = "$(TEST_HOST)";
				CODE_SIGN_STYLE = Automatic;
				CURRENT_PROJECT_VERSION = 1;
				DEVELOPMENT_TEAM = 75RG233849;
				GENERATE_INFOPLIST_FILE = YES;
				IPHONEOS_DEPLOYMENT_TARGET = 15.4;
				MARKETING_VERSION = 1.0;
				PRODUCT_BUNDLE_IDENTIFIER = sinoLab.TaskManagerTests;
				PRODUCT_NAME = "$(TARGET_NAME)";
				SWIFT_EMIT_LOC_STRINGS = NO;
				SWIFT_VERSION = 5.0;
				TARGETED_DEVICE_FAMILY = "1,2";
				TEST_HOST = "$(BUILT_PRODUCTS_DIR)/TaskManager.app/TaskManager";
			};
			name = Release;
		};
		586C08EB2825EBEE0041C774 /* Debug */ = {
			isa = XCBuildConfiguration;
			buildSettings = {
				ALWAYS_EMBED_SWIFT_STANDARD_LIBRARIES = YES;
				CODE_SIGN_STYLE = Automatic;
				CURRENT_PROJECT_VERSION = 1;
				DEVELOPMENT_TEAM = 75RG233849;
				GENERATE_INFOPLIST_FILE = YES;
				MARKETING_VERSION = 1.0;
				PRODUCT_BUNDLE_IDENTIFIER = sinoLab.TaskManagerUITests;
				PRODUCT_NAME = "$(TARGET_NAME)";
				SWIFT_EMIT_LOC_STRINGS = NO;
				SWIFT_VERSION = 5.0;
				TARGETED_DEVICE_FAMILY = "1,2";
				TEST_TARGET_NAME = TaskManager;
			};
			name = Debug;
		};
		586C08EC2825EBEE0041C774 /* Release */ = {
			isa = XCBuildConfiguration;
			buildSettings = {
				ALWAYS_EMBED_SWIFT_STANDARD_LIBRARIES = YES;
				CODE_SIGN_STYLE = Automatic;
				CURRENT_PROJECT_VERSION = 1;
				DEVELOPMENT_TEAM = 75RG233849;
				GENERATE_INFOPLIST_FILE = YES;
				MARKETING_VERSION = 1.0;
				PRODUCT_BUNDLE_IDENTIFIER = sinoLab.TaskManagerUITests;
				PRODUCT_NAME = "$(TARGET_NAME)";
				SWIFT_EMIT_LOC_STRINGS = NO;
				SWIFT_VERSION = 5.0;
				TARGETED_DEVICE_FAMILY = "1,2";
				TEST_TARGET_NAME = TaskManager;
			};
			name = Release;
		};
/* End XCBuildConfiguration section */

/* Begin XCConfigurationList section */
		586C08B62825EBED0041C774 /* Build configuration list for PBXProject "TaskManager" */ = {
			isa = XCConfigurationList;
			buildConfigurations = (
				586C08E22825EBEE0041C774 /* Debug */,
				586C08E32825EBEE0041C774 /* Release */,
			);
			defaultConfigurationIsVisible = 0;
			defaultConfigurationName = Release;
		};
		586C08E42825EBEE0041C774 /* Build configuration list for PBXNativeTarget "TaskManager" */ = {
			isa = XCConfigurationList;
			buildConfigurations = (
				586C08E52825EBEE0041C774 /* Debug */,
				586C08E62825EBEE0041C774 /* Release */,
			);
			defaultConfigurationIsVisible = 0;
			defaultConfigurationName = Release;
		};
		586C08E72825EBEE0041C774 /* Build configuration list for PBXNativeTarget "TaskManagerTests" */ = {
			isa = XCConfigurationList;
			buildConfigurations = (
				586C08E82825EBEE0041C774 /* Debug */,
				586C08E92825EBEE0041C774 /* Release */,
			);
			defaultConfigurationIsVisible = 0;
			defaultConfigurationName = Release;
		};
		586C08EA2825EBEE0041C774 /* Build configuration list for PBXNativeTarget "TaskManagerUITests" */ = {
			isa = XCConfigurationList;
			buildConfigurations = (
				586C08EB2825EBEE0041C774 /* Debug */,
				586C08EC2825EBEE0041C774 /* Release */,
			);
			defaultConfigurationIsVisible = 0;
			defaultConfigurationName = Release;
		};
/* End XCConfigurationList section */

/* Begin XCVersionGroup section */
		586C08C92825EBEE0041C774 /* TaskManager.xcdatamodeld */ = {
			isa = XCVersionGroup;
			children = (
				586C08CA2825EBEE0041C774 /* TaskManager.xcdatamodel */,
			);
			currentVersion = 586C08CA2825EBEE0041C774 /* TaskManager.xcdatamodel */;
			path = TaskManager.xcdatamodeld;
			sourceTree = "<group>";
			versionGroupType = wrapper.xcdatamodel;
		};
/* End XCVersionGroup section */
	};
	rootObject = 586C08B32825EBED0041C774 /* Project object */;
}
