// !$*UTF8*$!
{
	archiveVersion = 1;
	classes = {
	};
	objectVersion = 56;
	objects = {

/* Begin PBXBuildFile section */
		5877E1D029B4B44E00264652 /* CoreData_JSONApp.swift in Sources */ = {isa = PBXBuildFile; fileRef = 5877E1CF29B4B44E00264652 /* CoreData_JSONApp.swift */; };
		5877E1D229B4B44E00264652 /* ContentView.swift in Sources */ = {isa = PBXBuildFile; fileRef = 5877E1D129B4B44E00264652 /* ContentView.swift */; };
		5877E1D429B4B44F00264652 /* Assets.xcassets in Resources */ = {isa = PBXBuildFile; fileRef = 5877E1D329B4B44F00264652 /* Assets.xcassets */; };
		5877E1D729B4B44F00264652 /* Preview Assets.xcassets in Resources */ = {isa = PBXBuildFile; fileRef = 5877E1D629B4B44F00264652 /* Preview Assets.xcassets */; };
		5877E1D929B4B44F00264652 /* Persistence.swift in Sources */ = {isa = PBXBuildFile; fileRef = 5877E1D829B4B44F00264652 /* Persistence.swift */; };
		5877E1DC29B4B44F00264652 /* CoreData_JSON.xcdatamodeld in Sources */ = {isa = PBXBuildFile; fileRef = 5877E1DA29B4B44F00264652 /* CoreData_JSON.xcdatamodeld */; };
		5877E1E429B4C1E100264652 /* Home.swift in Sources */ = {isa = PBXBuildFile; fileRef = 5877E1E329B4C1E100264652 /* Home.swift */; };
		5877E1E629B4C2D000264652 /* AddNewExpense.swift in Sources */ = {isa = PBXBuildFile; fileRef = 5877E1E529B4C2D000264652 /* AddNewExpense.swift */; };
		5877E1E929B4D06600264652 /* Purchase+CoreDataClass.swift in Sources */ = {isa = PBXBuildFile; fileRef = 5877E1E729B4D06600264652 /* Purchase+CoreDataClass.swift */; };
		5877E1EA29B4D06600264652 /* Purchase+CoreDataProperties.swift in Sources */ = {isa = PBXBuildFile; fileRef = 5877E1E829B4D06600264652 /* Purchase+CoreDataProperties.swift */; };
/* End PBXBuildFile section */

/* Begin PBXFileReference section */
		5877E1CC29B4B44E00264652 /* CoreData_JSON.app */ = {isa = PBXFileReference; explicitFileType = wrapper.application; includeInIndex = 0; path = CoreData_JSON.app; sourceTree = BUILT_PRODUCTS_DIR; };
		5877E1CF29B4B44E00264652 /* CoreData_JSONApp.swift */ = {isa = PBXFileReference; lastKnownFileType = sourcecode.swift; path = CoreData_JSONApp.swift; sourceTree = "<group>"; };
		5877E1D129B4B44E00264652 /* ContentView.swift */ = {isa = PBXFileReference; lastKnownFileType = sourcecode.swift; path = ContentView.swift; sourceTree = "<group>"; };
		5877E1D329B4B44F00264652 /* Assets.xcassets */ = {isa = PBXFileReference; lastKnownFileType = folder.assetcatalog; path = Assets.xcassets; sourceTree = "<group>"; };
		5877E1D629B4B44F00264652 /* Preview Assets.xcassets */ = {isa = PBXFileReference; lastKnownFileType = folder.assetcatalog; path = "Preview Assets.xcassets"; sourceTree = "<group>"; };
		5877E1D829B4B44F00264652 /* Persistence.swift */ = {isa = PBXFileReference; lastKnownFileType = sourcecode.swift; path = Persistence.swift; sourceTree = "<group>"; };
		5877E1DB29B4B44F00264652 /* CoreData_JSON.xcdatamodel */ = {isa = PBXFileReference; lastKnownFileType = wrapper.xcdatamodel; path = CoreData_JSON.xcdatamodel; sourceTree = "<group>"; };
		5877E1E329B4C1E100264652 /* Home.swift */ = {isa = PBXFileReference; lastKnownFileType = sourcecode.swift; path = Home.swift; sourceTree = "<group>"; };
		5877E1E529B4C2D000264652 /* AddNewExpense.swift */ = {isa = PBXFileReference; lastKnownFileType = sourcecode.swift; path = AddNewExpense.swift; sourceTree = "<group>"; };
		5877E1E729B4D06600264652 /* Purchase+CoreDataClass.swift */ = {isa = PBXFileReference; lastKnownFileType = sourcecode.swift; path = "Purchase+CoreDataClass.swift"; sourceTree = "<group>"; };
		5877E1E829B4D06600264652 /* Purchase+CoreDataProperties.swift */ = {isa = PBXFileReference; lastKnownFileType = sourcecode.swift; path = "Purchase+CoreDataProperties.swift"; sourceTree = "<group>"; };
/* End PBXFileReference section */

/* Begin PBXFrameworksBuildPhase section */
		5877E1C929B4B44E00264652 /* Frameworks */ = {
			isa = PBXFrameworksBuildPhase;
			buildActionMask = 2147483647;
			files = (
			);
			runOnlyForDeploymentPostprocessing = 0;
		};
/* End PBXFrameworksBuildPhase section */

/* Begin PBXGroup section */
		5877E1C329B4B44E00264652 = {
			isa = PBXGroup;
			children = (
				5877E1E729B4D06600264652 /* Purchase+CoreDataClass.swift */,
				5877E1E829B4D06600264652 /* Purchase+CoreDataProperties.swift */,
				5877E1CE29B4B44E00264652 /* CoreData_JSON */,
				5877E1CD29B4B44E00264652 /* Products */,
			);
			sourceTree = "<group>";
		};
		5877E1CD29B4B44E00264652 /* Products */ = {
			isa = PBXGroup;
			children = (
				5877E1CC29B4B44E00264652 /* CoreData_JSON.app */,
			);
			name = Products;
			sourceTree = "<group>";
		};
		5877E1CE29B4B44E00264652 /* CoreData_JSON */ = {
			isa = PBXGroup;
			children = (
				5877E1E229B4C1C400264652 /* View */,
				5877E1CF29B4B44E00264652 /* CoreData_JSONApp.swift */,
				5877E1D829B4B44F00264652 /* Persistence.swift */,
				5877E1D129B4B44E00264652 /* ContentView.swift */,
				5877E1D329B4B44F00264652 /* Assets.xcassets */,
				5877E1DA29B4B44F00264652 /* CoreData_JSON.xcdatamodeld */,
				5877E1D529B4B44F00264652 /* Preview Content */,
			);
			path = CoreData_JSON;
			sourceTree = "<group>";
		};
		5877E1D529B4B44F00264652 /* Preview Content */ = {
			isa = PBXGroup;
			children = (
				5877E1D629B4B44F00264652 /* Preview Assets.xcassets */,
			);
			path = "Preview Content";
			sourceTree = "<group>";
		};
		5877E1E229B4C1C400264652 /* View */ = {
			isa = PBXGroup;
			children = (
				5877E1E329B4C1E100264652 /* Home.swift */,
				5877E1E529B4C2D000264652 /* AddNewExpense.swift */,
			);
			path = View;
			sourceTree = "<group>";
		};
/* End PBXGroup section */

/* Begin PBXNativeTarget section */
		5877E1CB29B4B44E00264652 /* CoreData_JSON */ = {
			isa = PBXNativeTarget;
			buildConfigurationList = 5877E1DF29B4B44F00264652 /* Build configuration list for PBXNativeTarget "CoreData_JSON" */;
			buildPhases = (
				5877E1C829B4B44E00264652 /* Sources */,
				5877E1C929B4B44E00264652 /* Frameworks */,
				5877E1CA29B4B44E00264652 /* Resources */,
			);
			buildRules = (
			);
			dependencies = (
			);
			name = CoreData_JSON;
			productName = CoreData_JSON;
			productReference = 5877E1CC29B4B44E00264652 /* CoreData_JSON.app */;
			productType = "com.apple.product-type.application";
		};
/* End PBXNativeTarget section */

/* Begin PBXProject section */
		5877E1C429B4B44E00264652 /* Project object */ = {
			isa = PBXProject;
			attributes = {
				BuildIndependentTargetsInParallel = 1;
				LastSwiftUpdateCheck = 1420;
				LastUpgradeCheck = 1420;
				TargetAttributes = {
					5877E1CB29B4B44E00264652 = {
						CreatedOnToolsVersion = 14.2;
					};
				};
			};
			buildConfigurationList = 5877E1C729B4B44E00264652 /* Build configuration list for PBXProject "CoreData_JSON" */;
			compatibilityVersion = "Xcode 14.0";
			developmentRegion = en;
			hasScannedForEncodings = 0;
			knownRegions = (
				en,
				Base,
			);
			mainGroup = 5877E1C329B4B44E00264652;
			productRefGroup = 5877E1CD29B4B44E00264652 /* Products */;
			projectDirPath = "";
			projectRoot = "";
			targets = (
				5877E1CB29B4B44E00264652 /* CoreData_JSON */,
			);
		};
/* End PBXProject section */

/* Begin PBXResourcesBuildPhase section */
		5877E1CA29B4B44E00264652 /* Resources */ = {
			isa = PBXResourcesBuildPhase;
			buildActionMask = 2147483647;
			files = (
				5877E1D729B4B44F00264652 /* Preview Assets.xcassets in Resources */,
				5877E1D429B4B44F00264652 /* Assets.xcassets in Resources */,
			);
			runOnlyForDeploymentPostprocessing = 0;
		};
/* End PBXResourcesBuildPhase section */

/* Begin PBXSourcesBuildPhase section */
		5877E1C829B4B44E00264652 /* Sources */ = {
			isa = PBXSourcesBuildPhase;
			buildActionMask = 2147483647;
			files = (
				5877E1D929B4B44F00264652 /* Persistence.swift in Sources */,
				5877E1D229B4B44E00264652 /* ContentView.swift in Sources */,
				5877E1E429B4C1E100264652 /* Home.swift in Sources */,
				5877E1E629B4C2D000264652 /* AddNewExpense.swift in Sources */,
				5877E1DC29B4B44F00264652 /* CoreData_JSON.xcdatamodeld in Sources */,
				5877E1E929B4D06600264652 /* Purchase+CoreDataClass.swift in Sources */,
				5877E1EA29B4D06600264652 /* Purchase+CoreDataProperties.swift in Sources */,
				5877E1D029B4B44E00264652 /* CoreData_JSONApp.swift in Sources */,
			);
			runOnlyForDeploymentPostprocessing = 0;
		};
/* End PBXSourcesBuildPhase section */

/* Begin XCBuildConfiguration section */
		5877E1DD29B4B44F00264652 /* Debug */ = {
			isa = XCBuildConfiguration;
			buildSettings = {
				ALWAYS_SEARCH_USER_PATHS = NO;
				CLANG_ANALYZER_NONNULL = YES;
				CLANG_ANALYZER_NUMBER_OBJECT_CONVERSION = YES_AGGRESSIVE;
				CLANG_CXX_LANGUAGE_STANDARD = "gnu++20";
				CLANG_ENABLE_MODULES = YES;
				CLANG_ENABLE_OBJC_ARC = YES;
				CLANG_ENABLE_OBJC_WEAK = YES;
				CLANG_WARN_BLOCK_CAPTURE_AUTORELEASING = YES;
				CLANG_WARN_BOOL_CONVERSION = YES;
				CLANG_WARN_COMMA = YES;
				CLANG_WARN_CONSTANT_CONVERSION = YES;
				CLANG_WARN_DEPRECATED_OBJC_IMPLEMENTATIONS = YES;
				CLANG_WARN_DIRECT_OBJC_ISA_USAGE = YES_ERROR;
				CLANG_WARN_DOCUMENTATION_COMMENTS = YES;
				CLANG_WARN_EMPTY_BODY = YES;
				CLANG_WARN_ENUM_CONVERSION = YES;
				CLANG_WARN_INFINITE_RECURSION = YES;
				CLANG_WARN_INT_CONVERSION = YES;
				CLANG_WARN_NON_LITERAL_NULL_CONVERSION = YES;
				CLANG_WARN_OBJC_IMPLICIT_RETAIN_SELF = YES;
				CLANG_WARN_OBJC_LITERAL_CONVERSION = YES;
				CLANG_WARN_OBJC_ROOT_CLASS = YES_ERROR;
				CLANG_WARN_QUOTED_INCLUDE_IN_FRAMEWORK_HEADER = YES;
				CLANG_WARN_RANGE_LOOP_ANALYSIS = YES;
				CLANG_WARN_STRICT_PROTOTYPES = YES;
				CLANG_WARN_SUSPICIOUS_MOVE = YES;
				CLANG_WARN_UNGUARDED_AVAILABILITY = YES_AGGRESSIVE;
				CLANG_WARN_UNREACHABLE_CODE = YES;
				CLANG_WARN__DUPLICATE_METHOD_MATCH = YES;
				COPY_PHASE_STRIP = NO;
				DEBUG_INFORMATION_FORMAT = dwarf;
				ENABLE_STRICT_OBJC_MSGSEND = YES;
				ENABLE_TESTABILITY = YES;
				GCC_C_LANGUAGE_STANDARD = gnu11;
				GCC_DYNAMIC_NO_PIC = NO;
				GCC_NO_COMMON_BLOCKS = YES;
				GCC_OPTIMIZATION_LEVEL = 0;
				GCC_PREPROCESSOR_DEFINITIONS = (
					"DEBUG=1",
					"$(inherited)",
				);
				GCC_WARN_64_TO_32_BIT_CONVERSION = YES;
				GCC_WARN_ABOUT_RETURN_TYPE = YES_ERROR;
				GCC_WARN_UNDECLARED_SELECTOR = YES;
				GCC_WARN_UNINITIALIZED_AUTOS = YES_AGGRESSIVE;
				GCC_WARN_UNUSED_FUNCTION = YES;
				GCC_WARN_UNUSED_VARIABLE = YES;
				IPHONEOS_DEPLOYMENT_TARGET = 16.2;
				MTL_ENABLE_DEBUG_INFO = INCLUDE_SOURCE;
				MTL_FAST_MATH = YES;
				ONLY_ACTIVE_ARCH = YES;
				SDKROOT = iphoneos;
				SWIFT_ACTIVE_COMPILATION_CONDITIONS = DEBUG;
				SWIFT_OPTIMIZATION_LEVEL = "-Onone";
			};
			name = Debug;
		};
		5877E1DE29B4B44F00264652 /* Release */ = {
			isa = XCBuildConfiguration;
			buildSettings = {
				ALWAYS_SEARCH_USER_PATHS = NO;
				CLANG_ANALYZER_NONNULL = YES;
				CLANG_ANALYZER_NUMBER_OBJECT_CONVERSION = YES_AGGRESSIVE;
				CLANG_CXX_LANGUAGE_STANDARD = "gnu++20";
				CLANG_ENABLE_MODULES = YES;
				CLANG_ENABLE_OBJC_ARC = YES;
				CLANG_ENABLE_OBJC_WEAK = YES;
				CLANG_WARN_BLOCK_CAPTURE_AUTORELEASING = YES;
				CLANG_WARN_BOOL_CONVERSION = YES;
				CLANG_WARN_COMMA = YES;
				CLANG_WARN_CONSTANT_CONVERSION = YES;
				CLANG_WARN_DEPRECATED_OBJC_IMPLEMENTATIONS = YES;
				CLANG_WARN_DIRECT_OBJC_ISA_USAGE = YES_ERROR;
				CLANG_WARN_DOCUMENTATION_COMMENTS = YES;
				CLANG_WARN_EMPTY_BODY = YES;
				CLANG_WARN_ENUM_CONVERSION = YES;
				CLANG_WARN_INFINITE_RECURSION = YES;
				CLANG_WARN_INT_CONVERSION = YES;
				CLANG_WARN_NON_LITERAL_NULL_CONVERSION = YES;
				CLANG_WARN_OBJC_IMPLICIT_RETAIN_SELF = YES;
				CLANG_WARN_OBJC_LITERAL_CONVERSION = YES;
				CLANG_WARN_OBJC_ROOT_CLASS = YES_ERROR;
				CLANG_WARN_QUOTED_INCLUDE_IN_FRAMEWORK_HEADER = YES;
				CLANG_WARN_RANGE_LOOP_ANALYSIS = YES;
				CLANG_WARN_STRICT_PROTOTYPES = YES;
				CLANG_WARN_SUSPICIOUS_MOVE = YES;
				CLANG_WARN_UNGUARDED_AVAILABILITY = YES_AGGRESSIVE;
				CLANG_WARN_UNREACHABLE_CODE = YES;
				CLANG_WARN__DUPLICATE_METHOD_MATCH = YES;
				COPY_PHASE_STRIP = NO;
				DEBUG_INFORMATION_FORMAT = "dwarf-with-dsym";
				ENABLE_NS_ASSERTIONS = NO;
				ENABLE_STRICT_OBJC_MSGSEND = YES;
				GCC_C_LANGUAGE_STANDARD = gnu11;
				GCC_NO_COMMON_BLOCKS = YES;
				GCC_WARN_64_TO_32_BIT_CONVERSION = YES;
				GCC_WARN_ABOUT_RETURN_TYPE = YES_ERROR;
				GCC_WARN_UNDECLARED_SELECTOR = YES;
				GCC_WARN_UNINITIALIZED_AUTOS = YES_AGGRESSIVE;
				GCC_WARN_UNUSED_FUNCTION = YES;
				GCC_WARN_UNUSED_VARIABLE = YES;
				IPHONEOS_DEPLOYMENT_TARGET = 16.2;
				MTL_ENABLE_DEBUG_INFO = NO;
				MTL_FAST_MATH = YES;
				SDKROOT = iphoneos;
				SWIFT_COMPILATION_MODE = wholemodule;
				SWIFT_OPTIMIZATION_LEVEL = "-O";
				VALIDATE_PRODUCT = YES;
			};
			name = Release;
		};
		5877E1E029B4B44F00264652 /* Debug */ = {
			isa = XCBuildConfiguration;
			buildSettings = {
				ASSETCATALOG_COMPILER_APPICON_NAME = AppIcon;
				ASSETCATALOG_COMPILER_GLOBAL_ACCENT_COLOR_NAME = AccentColor;
				CODE_SIGN_STYLE = Automatic;
				CURRENT_PROJECT_VERSION = 1;
				DEVELOPMENT_ASSET_PATHS = "\"CoreData_JSON/Preview Content\"";
				DEVELOPMENT_TEAM = 75RG233849;
				ENABLE_PREVIEWS = YES;
				GENERATE_INFOPLIST_FILE = YES;
				INFOPLIST_KEY_UIApplicationSceneManifest_Generation = YES;
				INFOPLIST_KEY_UIApplicationSupportsIndirectInputEvents = YES;
				INFOPLIST_KEY_UILaunchScreen_Generation = YES;
				INFOPLIST_KEY_UISupportedInterfaceOrientations_iPad = "UIInterfaceOrientationPortrait UIInterfaceOrientationPortraitUpsideDown UIInterfaceOrientationLandscapeLeft UIInterfaceOrientationLandscapeRight";
				INFOPLIST_KEY_UISupportedInterfaceOrientations_iPhone = "UIInterfaceOrientationPortrait UIInterfaceOrientationLandscapeLeft UIInterfaceOrientationLandscapeRight";
				LD_RUNPATH_SEARCH_PATHS = (
					"$(inherited)",
					"@executable_path/Frameworks",
				);
				MARKETING_VERSION = 1.0;
				PRODUCT_BUNDLE_IDENTIFIER = "sinoLab.CoreData-JSON";
				PRODUCT_NAME = "$(TARGET_NAME)";
				SWIFT_EMIT_LOC_STRINGS = YES;
				SWIFT_VERSION = 5.0;
				TARGETED_DEVICE_FAMILY = "1,2";
			};
			name = Debug;
		};
		5877E1E129B4B44F00264652 /* Release */ = {
			isa = XCBuildConfiguration;
			buildSettings = {
				ASSETCATALOG_COMPILER_APPICON_NAME = AppIcon;
				ASSETCATALOG_COMPILER_GLOBAL_ACCENT_COLOR_NAME = AccentColor;
				CODE_SIGN_STYLE = Automatic;
				CURRENT_PROJECT_VERSION = 1;
				DEVELOPMENT_ASSET_PATHS = "\"CoreData_JSON/Preview Content\"";
				DEVELOPMENT_TEAM = 75RG233849;
				ENABLE_PREVIEWS = YES;
				GENERATE_INFOPLIST_FILE = YES;
				INFOPLIST_KEY_UIApplicationSceneManifest_Generation = YES;
				INFOPLIST_KEY_UIApplicationSupportsIndirectInputEvents = YES;
				INFOPLIST_KEY_UILaunchScreen_Generation = YES;
				INFOPLIST_KEY_UISupportedInterfaceOrientations_iPad = "UIInterfaceOrientationPortrait UIInterfaceOrientationPortraitUpsideDown UIInterfaceOrientationLandscapeLeft UIInterfaceOrientationLandscapeRight";
				INFOPLIST_KEY_UISupportedInterfaceOrientations_iPhone = "UIInterfaceOrientationPortrait UIInterfaceOrientationLandscapeLeft UIInterfaceOrientationLandscapeRight";
				LD_RUNPATH_SEARCH_PATHS = (
					"$(inherited)",
					"@executable_path/Frameworks",
				);
				MARKETING_VERSION = 1.0;
				PRODUCT_BUNDLE_IDENTIFIER = "sinoLab.CoreData-JSON";
				PRODUCT_NAME = "$(TARGET_NAME)";
				SWIFT_EMIT_LOC_STRINGS = YES;
				SWIFT_VERSION = 5.0;
				TARGETED_DEVICE_FAMILY = "1,2";
			};
			name = Release;
		};
/* End XCBuildConfiguration section */

/* Begin XCConfigurationList section */
		5877E1C729B4B44E00264652 /* Build configuration list for PBXProject "CoreData_JSON" */ = {
			isa = XCConfigurationList;
			buildConfigurations = (
				5877E1DD29B4B44F00264652 /* Debug */,
				5877E1DE29B4B44F00264652 /* Release */,
			);
			defaultConfigurationIsVisible = 0;
			defaultConfigurationName = Release;
		};
		5877E1DF29B4B44F00264652 /* Build configuration list for PBXNativeTarget "CoreData_JSON" */ = {
			isa = XCConfigurationList;
			buildConfigurations = (
				5877E1E029B4B44F00264652 /* Debug */,
				5877E1E129B4B44F00264652 /* Release */,
			);
			defaultConfigurationIsVisible = 0;
			defaultConfigurationName = Release;
		};
/* End XCConfigurationList section */

/* Begin XCVersionGroup section */
		5877E1DA29B4B44F00264652 /* CoreData_JSON.xcdatamodeld */ = {
			isa = XCVersionGroup;
			children = (
				5877E1DB29B4B44F00264652 /* CoreData_JSON.xcdatamodel */,
			);
			currentVersion = 5877E1DB29B4B44F00264652 /* CoreData_JSON.xcdatamodel */;
			path = CoreData_JSON.xcdatamodeld;
			sourceTree = "<group>";
			versionGroupType = wrapper.xcdatamodel;
		};
/* End XCVersionGroup section */
	};
	rootObject = 5877E1C429B4B44E00264652 /* Project object */;
}
